// !$*UTF8*$!
{
	archiveVersion = 1;
	classes = {
	};
	objectVersion = 46;
	objects = {
		D7BA7D76DAB5DD13389D6332 = {
			buildActionMask = 2147483647;
			files = (
				);
			generatedFileNames = (
				);
			isa = PBXShellScriptBuildPhase;
			name = "Qt Qmake";
			neededFileNames = (
				);
			shellPath = "/bin/sh";
			shellScript = "make\ -C\ /Users/Vincent/Peerster/Peerster\ -f\ \'Peerster.xcodeproj/qt_makeqmake.mak\'";
		};
		98DDAEC184A723DABF37678E = {
			isa = PBXFileReference;
			name = "Constants.cc";
			path = "Constants.cc";
			refType = 4;
			sourceTree = "SOURCE_ROOT";
			lastKnownFileType = "sourcecode.cpp.cpp";
		};
		745BBB7F397F58ACA0BB35F5 = {
			fileRef = "98DDAEC184A723DABF37678E";
			isa = PBXBuildFile;
			settings = {
				ATTRIBUTES = (
					);
			};
		};
		D759577E53E2CE061239002D = {
			isa = PBXFileReference;
			name = "main.cc";
			path = "main.cc";
			refType = 4;
			sourceTree = "SOURCE_ROOT";
			lastKnownFileType = "sourcecode.cpp.cpp";
		};
		0F92C7DE5A6D0ECD279B47C7 = {
			fileRef = "D759577E53E2CE061239002D";
			isa = PBXBuildFile;
			settings = {
				ATTRIBUTES = (
					);
			};
		};
		E0BBC85E7EBD497B22D3B33E = {
			isa = PBXFileReference;
			name = "Messages.cc";
			path = "Messages.cc";
			refType = 4;
			sourceTree = "SOURCE_ROOT";
			lastKnownFileType = "sourcecode.cpp.cpp";
		};
		899BB0EB47C608AC8D49247D = {
			fileRef = "E0BBC85E7EBD497B22D3B33E";
			isa = PBXBuildFile;
			settings = {
				ATTRIBUTES = (
					);
			};
		};
		2E3BA334344441BCDAAC8724 = {
			isa = PBXFileReference;
			name = "Peer.cc";
			path = "Peer.cc";
			refType = 4;
			sourceTree = "SOURCE_ROOT";
			lastKnownFileType = "sourcecode.cpp.cpp";
		};
		D33B1E115874F491151176CF = {
			fileRef = "2E3BA334344441BCDAAC8724";
			isa = PBXBuildFile;
			settings = {
				ATTRIBUTES = (
					);
			};
		};
		68376373146216DB7F574AD9 = {
			isa = PBXFileReference;
			name = "Socket.cc";
			path = "Socket.cc";
			refType = 4;
			sourceTree = "SOURCE_ROOT";
			lastKnownFileType = "sourcecode.cpp.cpp";
		};
		98FA7E9E8B04EA8147C25827 = {
			fileRef = "68376373146216DB7F574AD9";
			isa = PBXBuildFile;
			settings = {
				ATTRIBUTES = (
					);
			};
		};
		CDE39949937C61391EFE9219 = {
			isa = PBXFileReference;
			name = "PeersterFile.cc";
			path = "FileSharing/PeersterFile.cc";
			refType = 4;
			sourceTree = "SOURCE_ROOT";
			lastKnownFileType = "sourcecode.cpp.cpp";
		};
		072DEAF199EC832351D00217 = {
			fileRef = "CDE39949937C61391EFE9219";
			isa = PBXBuildFile;
			settings = {
				ATTRIBUTES = (
					);
			};
		};
		18900FB0F7BEFFEAB58AC807 = {
			isa = PBXFileReference;
			name = "SearchResult.cc";
			path = "FileSharing/SearchResult.cc";
			refType = 4;
			sourceTree = "SOURCE_ROOT";
			lastKnownFileType = "sourcecode.cpp.cpp";
		};
		018085EE9C1D3F7A08D15C19 = {
			fileRef = "18900FB0F7BEFFEAB58AC807";
			isa = PBXBuildFile;
			settings = {
				ATTRIBUTES = (
					);
			};
		};
		6AFA255CA62CFAC8563E5B39 = {
			isa = PBXFileReference;
			name = "Chatbox.cc";
			path = "GUI/Chatbox.cc";
			refType = 4;
			sourceTree = "SOURCE_ROOT";
			lastKnownFileType = "sourcecode.cpp.cpp";
		};
		DA4D4CE46F4AB231CAF06EC9 = {
			fileRef = "6AFA255CA62CFAC8563E5B39";
			isa = PBXBuildFile;
			settings = {
				ATTRIBUTES = (
					);
			};
		};
		09F1CB6767DEF02B3D0C635C = {
			isa = PBXFileReference;
			name = "FilePanel.cc";
			path = "GUI/FilePanel.cc";
			refType = 4;
			sourceTree = "SOURCE_ROOT";
			lastKnownFileType = "sourcecode.cpp.cpp";
		};
		9CF5E04B47B885A68F04E4E4 = {
			fileRef = "09F1CB6767DEF02B3D0C635C";
			isa = PBXBuildFile;
			settings = {
				ATTRIBUTES = (
					);
			};
		};
		09C7396B117FFFE50668D7FF = {
			isa = PBXFileReference;
			name = "PrivateChatDialog.cc";
			path = "GUI/PrivateChatDialog.cc";
			refType = 4;
			sourceTree = "SOURCE_ROOT";
			lastKnownFileType = "sourcecode.cpp.cpp";
		};
		98F6E50FD27D79713C5C735B = {
			fileRef = "09C7396B117FFFE50668D7FF";
			isa = PBXBuildFile;
			settings = {
				ATTRIBUTES = (
					);
			};
		};
		AD0390B0FFD3BCF522495B57 = {
			isa = PBXFileReference;
			name = "PrivateMessagingPanel.cc";
			path = "GUI/PrivateMessagingPanel.cc";
			refType = 4;
			sourceTree = "SOURCE_ROOT";
			lastKnownFileType = "sourcecode.cpp.cpp";
		};
		C9110DA8E4557A383FA293DF = {
			fileRef = "AD0390B0FFD3BCF522495B57";
			isa = PBXBuildFile;
			settings = {
				ATTRIBUTES = (
					);
			};
		};
		B6D66755B73848DC55D2E61E = {
			isa = PBXFileReference;
			name = "VoipPanel.cc";
			path = "GUI/VoipPanel.cc";
			refType = 4;
			sourceTree = "SOURCE_ROOT";
			lastKnownFileType = "sourcecode.cpp.cpp";
		};
		57B23F2CFC96625AC58C1F8F = {
			fileRef = "B6D66755B73848DC55D2E61E";
			isa = PBXBuildFile;
			settings = {
				ATTRIBUTES = (
					);
			};
		};
		EEA1B92AEFFCBBCC62F39C1A = {
			isa = PBXFileReference;
			name = "AudioMessage.cc";
			path = "Messages/AudioMessage.cc";
			refType = 4;
			sourceTree = "SOURCE_ROOT";
			lastKnownFileType = "sourcecode.cpp.cpp";
		};
		39C8D0FF8B9D434F8302D68D = {
			fileRef = "EEA1B92AEFFCBBCC62F39C1A";
			isa = PBXBuildFile;
			settings = {
				ATTRIBUTES = (
					);
			};
		};
		5C94018625A99BEBABE1F8FB = {
			isa = PBXFileReference;
			name = "BlockReplyMessage.cc";
			path = "Messages/BlockReplyMessage.cc";
			refType = 4;
			sourceTree = "SOURCE_ROOT";
			lastKnownFileType = "sourcecode.cpp.cpp";
		};
		80E6030A5A227409AEB461D4 = {
			fileRef = "5C94018625A99BEBABE1F8FB";
			isa = PBXBuildFile;
			settings = {
				ATTRIBUTES = (
					);
			};
		};
		7517BF99384862A85367FB95 = {
			isa = PBXFileReference;
			name = "BlockRequestMessage.cc";
			path = "Messages/BlockRequestMessage.cc";
			refType = 4;
			sourceTree = "SOURCE_ROOT";
			lastKnownFileType = "sourcecode.cpp.cpp";
		};
		2DF425D22AF0ABFCC22067E3 = {
			fileRef = "7517BF99384862A85367FB95";
			isa = PBXBuildFile;
			settings = {
				ATTRIBUTES = (
					);
			};
		};
		705E536B508D27DF51691DCA = {
			isa = PBXFileReference;
			name = "Message.cc";
			path = "Messages/Message.cc";
			refType = 4;
			sourceTree = "SOURCE_ROOT";
			lastKnownFileType = "sourcecode.cpp.cpp";
		};
		76356B4B41D599A6B6D1DA8D = {
			fileRef = "705E536B508D27DF51691DCA";
			isa = PBXBuildFile;
			settings = {
				ATTRIBUTES = (
					);
			};
		};
		D6C4748E93948F6970358485 = {
			isa = PBXFileReference;
			name = "SearchReplyMessage.cc";
			path = "Messages/SearchReplyMessage.cc";
			refType = 4;
			sourceTree = "SOURCE_ROOT";
			lastKnownFileType = "sourcecode.cpp.cpp";
		};
		1CFE0C78A64F3E598E833754 = {
			fileRef = "D6C4748E93948F6970358485";
			isa = PBXBuildFile;
			settings = {
				ATTRIBUTES = (
					);
			};
		};
		A574E41F3411DAA24B417E9D = {
			isa = PBXFileReference;
			name = "SearchRequestMessage.cc";
			path = "Messages/SearchRequestMessage.cc";
			refType = 4;
			sourceTree = "SOURCE_ROOT";
			lastKnownFileType = "sourcecode.cpp.cpp";
		};
		522FF07A82AF3B592BA63B2B = {
			fileRef = "A574E41F3411DAA24B417E9D";
			isa = PBXBuildFile;
			settings = {
				ATTRIBUTES = (
					);
			};
		};
		F41053476CF4B2C49EF187F7 = {
			isa = PBXFileReference;
			name = "moc_main.cpp";
			path = "moc_main.cpp";
			refType = 4;
			sourceTree = "SOURCE_ROOT";
			lastKnownFileType = "sourcecode.cpp.cpp";
		};
		D8AD7ED0F9946A097F668BBF = {
			fileRef = "F41053476CF4B2C49EF187F7";
			isa = PBXBuildFile;
			settings = {
				ATTRIBUTES = (
					);
			};
		};
		5FB62051C2EE9DC3AC51E5C6 = {
			isa = PBXFileReference;
			name = "moc_Socket.cpp";
			path = "moc_Socket.cpp";
			refType = 4;
			sourceTree = "SOURCE_ROOT";
			lastKnownFileType = "sourcecode.cpp.cpp";
		};
		4225BDDC5A035898D15E89AB = {
			fileRef = "5FB62051C2EE9DC3AC51E5C6";
			isa = PBXBuildFile;
			settings = {
				ATTRIBUTES = (
					);
			};
		};
		E3C7A882E505E70D8DC72F67 = {
			isa = PBXFileReference;
			name = "moc_PeersterFile.cpp";
			path = "moc_PeersterFile.cpp";
			refType = 4;
			sourceTree = "SOURCE_ROOT";
			lastKnownFileType = "sourcecode.cpp.cpp";
		};
		50F1A0A6C62C20D272991B90 = {
			fileRef = "E3C7A882E505E70D8DC72F67";
			isa = PBXBuildFile;
			settings = {
				ATTRIBUTES = (
					);
			};
		};
		C832DDC57F87205C7C0B3562 = {
			isa = PBXFileReference;
			name = "moc_Chatbox.cpp";
			path = "moc_Chatbox.cpp";
			refType = 4;
			sourceTree = "SOURCE_ROOT";
			lastKnownFileType = "sourcecode.cpp.cpp";
		};
		83851638952334F2840590B9 = {
			fileRef = "C832DDC57F87205C7C0B3562";
			isa = PBXBuildFile;
			settings = {
				ATTRIBUTES = (
					);
			};
		};
		41BA27C6A5B07B2EDD1E5699 = {
			isa = PBXFileReference;
			name = "moc_FilePanel.cpp";
			path = "moc_FilePanel.cpp";
			refType = 4;
			sourceTree = "SOURCE_ROOT";
			lastKnownFileType = "sourcecode.cpp.cpp";
		};
		B986F2E8D95A535775A0C085 = {
			fileRef = "41BA27C6A5B07B2EDD1E5699";
			isa = PBXBuildFile;
			settings = {
				ATTRIBUTES = (
					);
			};
		};
		7DE906D1ECF664B05D56C61C = {
			isa = PBXFileReference;
			name = "moc_PrivateChatDialog.cpp";
			path = "moc_PrivateChatDialog.cpp";
			refType = 4;
			sourceTree = "SOURCE_ROOT";
			lastKnownFileType = "sourcecode.cpp.cpp";
		};
		A4ADB60AE2066B582BCCFC98 = {
			fileRef = "7DE906D1ECF664B05D56C61C";
			isa = PBXBuildFile;
			settings = {
				ATTRIBUTES = (
					);
			};
		};
		889294B69789F4487B51D91D = {
			isa = PBXFileReference;
			name = "moc_PrivateMessagingPanel.cpp";
			path = "moc_PrivateMessagingPanel.cpp";
			refType = 4;
			sourceTree = "SOURCE_ROOT";
			lastKnownFileType = "sourcecode.cpp.cpp";
		};
		02CDC179FAB60254546689BF = {
			fileRef = "889294B69789F4487B51D91D";
			isa = PBXBuildFile;
			settings = {
				ATTRIBUTES = (
					);
			};
		};
		D3D6A5CBF4C635D76567ECFA = {
			isa = PBXFileReference;
			name = "moc_VoipPanel.cpp";
			path = "moc_VoipPanel.cpp";
			refType = 4;
			sourceTree = "SOURCE_ROOT";
			lastKnownFileType = "sourcecode.cpp.cpp";
		};
		E450B833172007943F82B784 = {
			fileRef = "D3D6A5CBF4C635D76567ECFA";
			isa = PBXBuildFile;
			settings = {
				ATTRIBUTES = (
					);
			};
		};
		8F4D43B6AF93B867F58C5CC8 = {
			isa = PBXFileReference;
			name = "Constants.hh";
			path = "Constants.hh";
			refType = 4;
			sourceTree = "SOURCE_ROOT";
		};
		000F2A1E9067A79452CB9855 = {
			isa = PBXFileReference;
			name = "main.hh";
			path = "main.hh";
			refType = 4;
			sourceTree = "SOURCE_ROOT";
		};
		4F2C0F4C926D8A65CB56838D = {
			isa = PBXFileReference;
			name = "Messages.hh";
			path = "Messages.hh";
			refType = 4;
			sourceTree = "SOURCE_ROOT";
		};
		12CE19638E6C844EFEBA5234 = {
			isa = PBXFileReference;
			name = "Peer.hh";
			path = "Peer.hh";
			refType = 4;
			sourceTree = "SOURCE_ROOT";
		};
		4BF8915F4A4CED4C258BF8E9 = {
			isa = PBXFileReference;
			name = "Socket.hh";
			path = "Socket.hh";
			refType = 4;
			sourceTree = "SOURCE_ROOT";
		};
		CB09C7DF25F9B793C4548E42 = {
			isa = PBXFileReference;
			name = "PeersterFile.hh";
			path = "FileSharing/PeersterFile.hh";
			refType = 4;
			sourceTree = "SOURCE_ROOT";
		};
		F972E0C99B13662818F401B1 = {
			isa = PBXFileReference;
			name = "SearchResult.hh";
			path = "FileSharing/SearchResult.hh";
			refType = 4;
			sourceTree = "SOURCE_ROOT";
		};
		0C2021078A3A8CBCB9A3A01E = {
			isa = PBXFileReference;
			name = "Chatbox.hh";
			path = "GUI/Chatbox.hh";
			refType = 4;
			sourceTree = "SOURCE_ROOT";
		};
		7B2CA41EBBE1C5DE94428332 = {
			isa = PBXFileReference;
			name = "FilePanel.hh";
			path = "GUI/FilePanel.hh";
			refType = 4;
			sourceTree = "SOURCE_ROOT";
		};
		DFC2D44A436C35D52AA946A8 = {
			isa = PBXFileReference;
			name = "PrivateChatDialog.hh";
			path = "GUI/PrivateChatDialog.hh";
			refType = 4;
			sourceTree = "SOURCE_ROOT";
		};
		414DD86A7AC96B15FE9D354D = {
			isa = PBXFileReference;
			name = "PrivateMessagingPanel.hh";
			path = "GUI/PrivateMessagingPanel.hh";
			refType = 4;
			sourceTree = "SOURCE_ROOT";
		};
		C7AE1361120E46392744370A = {
			isa = PBXFileReference;
			name = "VoipPanel.hh";
			path = "GUI/VoipPanel.hh";
			refType = 4;
			sourceTree = "SOURCE_ROOT";
		};
		6FD800161B6B22379E95E7EB = {
			isa = PBXFileReference;
			name = "AudioMessage.hh";
			path = "Messages/AudioMessage.hh";
			refType = 4;
			sourceTree = "SOURCE_ROOT";
		};
		F3AFBE020864EC80D6EE4A8E = {
			isa = PBXFileReference;
			name = "BlockReplyMessage.hh";
			path = "Messages/BlockReplyMessage.hh";
			refType = 4;
			sourceTree = "SOURCE_ROOT";
		};
		B31C1B2A87B91FBCEEF39C1A = {
			isa = PBXFileReference;
			name = "BlockRequestMessage.hh";
			path = "Messages/BlockRequestMessage.hh";
			refType = 4;
			sourceTree = "SOURCE_ROOT";
		};
		D06B10E7FEE48B264D2B821B = {
			isa = PBXFileReference;
			name = "Message.hh";
			path = "Messages/Message.hh";
			refType = 4;
			sourceTree = "SOURCE_ROOT";
		};
		E053DB79E08E889603079086 = {
			isa = PBXFileReference;
			name = "SearchReplyMessage.hh";
			path = "Messages/SearchReplyMessage.hh";
			refType = 4;
			sourceTree = "SOURCE_ROOT";
		};
		24A8DD62E000C3CB83BE9741 = {
			isa = PBXFileReference;
			name = "SearchRequestMessage.hh";
			path = "Messages/SearchRequestMessage.hh";
			refType = 4;
			sourceTree = "SOURCE_ROOT";
		};
		453E80AD538D7B6495C54E54 = {
			isa = PBXFileReference;
			name = "peerster.pro";
			path = "peerster.pro";
			refType = 4;
			sourceTree = "SOURCE_ROOT";
		};
		883D7615C4D2DE3FA1218F12 = {
			isa = PBXGroup;
			children = (
				"8F4D43B6AF93B867F58C5CC8",
				"000F2A1E9067A79452CB9855",
				"4F2C0F4C926D8A65CB56838D",
				"12CE19638E6C844EFEBA5234",
				"4BF8915F4A4CED4C258BF8E9",
				"F3CBD0A0FB1A9631AF3F519F",
				"3AEF65145630C14980FF3540",
				"DB4E544D20C69265B97902C2");
			name = "Headers";
			refType = 4;
			sourceTree = "<Group>";
		};
		F3CBD0A0FB1A9631AF3F519F = {
			isa = PBXGroup;
			children = (
				"CB09C7DF25F9B793C4548E42",
				"F972E0C99B13662818F401B1");
			name = "FileSharing";
			refType = 4;
			sourceTree = "<Group>";
		};
		3AEF65145630C14980FF3540 = {
			isa = PBXGroup;
			children = (
				"0C2021078A3A8CBCB9A3A01E",
				"7B2CA41EBBE1C5DE94428332",
				"DFC2D44A436C35D52AA946A8",
				"414DD86A7AC96B15FE9D354D",
				"C7AE1361120E46392744370A");
			name = "GUI";
			refType = 4;
			sourceTree = "<Group>";
		};
		DB4E544D20C69265B97902C2 = {
			isa = PBXGroup;
			children = (
				"6FD800161B6B22379E95E7EB",
				"F3AFBE020864EC80D6EE4A8E",
				"B31C1B2A87B91FBCEEF39C1A",
				"D06B10E7FEE48B264D2B821B",
				"E053DB79E08E889603079086",
				"24A8DD62E000C3CB83BE9741");
			name = "Messages";
			refType = 4;
			sourceTree = "<Group>";
		};
		E35702F4247689E2CFF237FA = {
			isa = PBXGroup;
			children = (
				"CDE39949937C61391EFE9219",
				"18900FB0F7BEFFEAB58AC807");
			name = "FileSharing";
			refType = 4;
			sourceTree = "<Group>";
		};
		E0EE58F6C13E28618FC619A0 = {
			isa = PBXGroup;
			children = (
				"6AFA255CA62CFAC8563E5B39",
				"09F1CB6767DEF02B3D0C635C",
				"09C7396B117FFFE50668D7FF",
				"AD0390B0FFD3BCF522495B57",
				"B6D66755B73848DC55D2E61E");
			name = "GUI";
			refType = 4;
			sourceTree = "<Group>";
		};
		AB0D1D2317F75517559788CC = {
			isa = PBXGroup;
			children = (
				"EEA1B92AEFFCBBCC62F39C1A",
				"5C94018625A99BEBABE1F8FB",
				"7517BF99384862A85367FB95",
				"705E536B508D27DF51691DCA",
				"D6C4748E93948F6970358485",
				"A574E41F3411DAA24B417E9D");
			name = "Messages";
			refType = 4;
			sourceTree = "<Group>";
		};
		FB61758D0F0FDA4BA867C3D5 = {
			isa = PBXGroup;
			children = (
				"98DDAEC184A723DABF37678E",
				"D759577E53E2CE061239002D",
				"E0BBC85E7EBD497B22D3B33E",
				"2E3BA334344441BCDAAC8724",
				"68376373146216DB7F574AD9",
				"E35702F4247689E2CFF237FA",
				"E0EE58F6C13E28618FC619A0",
				"AB0D1D2317F75517559788CC");
			name = "Sources";
			refType = 4;
			sourceTree = "<Group>";
		};
		7CABE3C80E79AD2B307756D2 = {
			isa = PBXGroup;
			children = (
				"453E80AD538D7B6495C54E54");
			name = "Sources [qmake]";
			refType = 4;
			sourceTree = "<Group>";
		};
		46E892BBB6BB6952967E0561 = {
			isa = PBXGroup;
			children = (
				"F41053476CF4B2C49EF187F7",
				"5FB62051C2EE9DC3AC51E5C6",
				"E3C7A882E505E70D8DC72F67",
				"C832DDC57F87205C7C0B3562",
				"41BA27C6A5B07B2EDD1E5699",
				"7DE906D1ECF664B05D56C61C",
				"889294B69789F4487B51D91D",
				"D3D6A5CBF4C635D76567ECFA");
			name = "Temporary Sources";
			refType = 4;
			sourceTree = "<Group>";
		};
		A0A52A2ADF7A1E2A99738674 = {
			buildActionMask = 2147483647;
			files = (
				);
			generatedFileNames = (
				"745BBB7F397F58ACA0BB35F5",
				"0F92C7DE5A6D0ECD279B47C7",
				"899BB0EB47C608AC8D49247D",
				"D33B1E115874F491151176CF",
				"98FA7E9E8B04EA8147C25827",
				"072DEAF199EC832351D00217",
				"018085EE9C1D3F7A08D15C19",
				"DA4D4CE46F4AB231CAF06EC9",
				"9CF5E04B47B885A68F04E4E4",
				"98F6E50FD27D79713C5C735B",
				"C9110DA8E4557A383FA293DF",
				"57B23F2CFC96625AC58C1F8F",
				"39C8D0FF8B9D434F8302D68D",
				"80E6030A5A227409AEB461D4",
				"2DF425D22AF0ABFCC22067E3",
				"76356B4B41D599A6B6D1DA8D",
				"1CFE0C78A64F3E598E833754",
				"522FF07A82AF3B592BA63B2B",
				"D8AD7ED0F9946A097F668BBF",
				"4225BDDC5A035898D15E89AB",
				"50F1A0A6C62C20D272991B90",
				"83851638952334F2840590B9",
				"B986F2E8D95A535775A0C085",
				"A4ADB60AE2066B582BCCFC98",
				"02CDC179FAB60254546689BF",
				"E450B833172007943F82B784");
			isa = PBXShellScriptBuildPhase;
			name = "Qt Preprocessors";
			neededFileNames = (
				"745BBB7F397F58ACA0BB35F5",
				"0F92C7DE5A6D0ECD279B47C7",
				"899BB0EB47C608AC8D49247D",
				"D33B1E115874F491151176CF",
				"98FA7E9E8B04EA8147C25827",
				"072DEAF199EC832351D00217",
				"018085EE9C1D3F7A08D15C19",
				"DA4D4CE46F4AB231CAF06EC9",
				"9CF5E04B47B885A68F04E4E4",
				"98F6E50FD27D79713C5C735B",
				"C9110DA8E4557A383FA293DF",
				"57B23F2CFC96625AC58C1F8F",
				"39C8D0FF8B9D434F8302D68D",
				"80E6030A5A227409AEB461D4",
				"2DF425D22AF0ABFCC22067E3",
				"76356B4B41D599A6B6D1DA8D",
				"1CFE0C78A64F3E598E833754",
				"522FF07A82AF3B592BA63B2B",
				"D8AD7ED0F9946A097F668BBF",
				"4225BDDC5A035898D15E89AB",
				"50F1A0A6C62C20D272991B90",
				"83851638952334F2840590B9",
				"B986F2E8D95A535775A0C085",
				"A4ADB60AE2066B582BCCFC98",
				"02CDC179FAB60254546689BF",
				"E450B833172007943F82B784");
			shellPath = "/bin/sh";
			shellScript = "make\ -C\ /Users/Vincent/Peerster/Peerster\ -f\ \'Peerster.xcodeproj/qt_preprocess.mak\'";
		};
		C29B8785722055ED95EF7B57 = {
			buildActionMask = 2147483647;
			files = (
				"745BBB7F397F58ACA0BB35F5",
				"0F92C7DE5A6D0ECD279B47C7",
				"899BB0EB47C608AC8D49247D",
				"D33B1E115874F491151176CF",
				"98FA7E9E8B04EA8147C25827",
				"072DEAF199EC832351D00217",
				"018085EE9C1D3F7A08D15C19",
				"DA4D4CE46F4AB231CAF06EC9",
				"9CF5E04B47B885A68F04E4E4",
				"98F6E50FD27D79713C5C735B",
				"C9110DA8E4557A383FA293DF",
				"57B23F2CFC96625AC58C1F8F",
				"39C8D0FF8B9D434F8302D68D",
				"80E6030A5A227409AEB461D4",
				"2DF425D22AF0ABFCC22067E3",
				"76356B4B41D599A6B6D1DA8D",
				"1CFE0C78A64F3E598E833754",
				"522FF07A82AF3B592BA63B2B",
				"D8AD7ED0F9946A097F668BBF",
				"4225BDDC5A035898D15E89AB",
				"50F1A0A6C62C20D272991B90",
				"83851638952334F2840590B9",
				"B986F2E8D95A535775A0C085",
				"A4ADB60AE2066B582BCCFC98",
				"02CDC179FAB60254546689BF",
				"E450B833172007943F82B784");
			isa = PBXSourcesBuildPhase;
			name = "Build Sources";
		};
		F8A61352F7EF58B5CB7DF30A = {
			isa = PBXFileReference;
			name = "qca.framework";
			path = "/usr/local/Cellar/qca/2.0.3/lib/qca.framework";
			refType = 0;
			sourceTree = "<absolute>";
			lastKnownFileType = "wrapper.framework";
		};
		D4C6C82444385503E4EE191F = {
			fileRef = "F8A61352F7EF58B5CB7DF30A";
			isa = PBXBuildFile;
			settings = {
			};
		};
		7EC1F9F30D623D7245B57D30 = {
			isa = PBXFileReference;
			name = "QtMultimedia.framework";
			path = "/usr/local/Cellar/qt/4.8.5/lib/QtMultimedia.framework";
			refType = 0;
			sourceTree = "<absolute>";
			lastKnownFileType = "wrapper.framework";
		};
		AB90DFAE6C4CD124CA6E411C = {
			fileRef = "7EC1F9F30D623D7245B57D30";
			isa = PBXBuildFile;
			settings = {
			};
		};
		27AE7A480FD6C52FCA80FECD = {
			isa = PBXFileReference;
			name = "ApplicationServices.framework";
			path = "/System/Library/Frameworks/ApplicationServices.framework";
			refType = 0;
			sourceTree = "<absolute>";
			lastKnownFileType = "wrapper.framework";
		};
		F9E76E570E10AF14870553A7 = {
			fileRef = "27AE7A480FD6C52FCA80FECD";
			isa = PBXBuildFile;
			settings = {
			};
		};
		5047022CEBDAD3272EE3C4D2 = {
			isa = PBXFileReference;
			name = "CoreAudio.framework";
			path = "/System/Library/Frameworks/CoreAudio.framework";
			refType = 0;
			sourceTree = "<absolute>";
			lastKnownFileType = "wrapper.framework";
		};
		6AFFA5CC440B7A45A7B1BFFC = {
			fileRef = "5047022CEBDAD3272EE3C4D2";
			isa = PBXBuildFile;
			settings = {
			};
		};
		5A5E07CEF4D0A51E8FE3D953 = {
			isa = PBXFileReference;
			name = "AudioUnit.framework";
			path = "/System/Library/Frameworks/AudioUnit.framework";
			refType = 0;
			sourceTree = "<absolute>";
			lastKnownFileType = "wrapper.framework";
		};
		7D24C4AAFE054CB4F844982B = {
			fileRef = "5A5E07CEF4D0A51E8FE3D953";
			isa = PBXBuildFile;
			settings = {
			};
		};
		DCDFF7D4DAE217C12A322FC8 = {
			isa = PBXFileReference;
			name = "AudioToolbox.framework";
			path = "/System/Library/Frameworks/AudioToolbox.framework";
			refType = 0;
			sourceTree = "<absolute>";
			lastKnownFileType = "wrapper.framework";
		};
		BE29FCEBE353C8375F034751 = {
			fileRef = "DCDFF7D4DAE217C12A322FC8";
			isa = PBXBuildFile;
			settings = {
			};
		};
		AA9D9004ACE84CD1D55FED5F = {
			isa = PBXFileReference;
			name = "QtGui.framework";
			path = "/usr/local/Cellar/qt/4.8.5/lib/QtGui.framework";
			refType = 0;
			sourceTree = "<absolute>";
			lastKnownFileType = "wrapper.framework";
		};
		6FFE813FFE36D19F0C307231 = {
			fileRef = "AA9D9004ACE84CD1D55FED5F";
			isa = PBXBuildFile;
			settings = {
			};
		};
		D98F638C7798CC1DDA980D9A = {
			isa = PBXFileReference;
			name = "QtCore.framework";
			path = "/usr/local/Cellar/qt/4.8.5/lib/QtCore.framework";
			refType = 0;
			sourceTree = "<absolute>";
			lastKnownFileType = "wrapper.framework";
		};
		49776FFF3F684830E553ECE4 = {
			fileRef = "D98F638C7798CC1DDA980D9A";
			isa = PBXBuildFile;
			settings = {
			};
		};
		883EF222A803862A8D41343B = {
			isa = PBXFileReference;
			name = "QtNetwork.framework";
			path = "/usr/local/Cellar/qt/4.8.5/lib/QtNetwork.framework";
			refType = 0;
			sourceTree = "<absolute>";
			lastKnownFileType = "wrapper.framework";
		};
		64A33A9558C33BD514ED753F = {
			fileRef = "883EF222A803862A8D41343B";
			isa = PBXBuildFile;
			settings = {
			};
		};
		ED1E82605DD74B483AF3C982 = {
			children = (
				"F8A61352F7EF58B5CB7DF30A",
				"7EC1F9F30D623D7245B57D30",
				"27AE7A480FD6C52FCA80FECD",
				"5047022CEBDAD3272EE3C4D2",
				"5A5E07CEF4D0A51E8FE3D953",
				"DCDFF7D4DAE217C12A322FC8",
				"AA9D9004ACE84CD1D55FED5F",
				"D98F638C7798CC1DDA980D9A",
				"883EF222A803862A8D41343B");
			isa = PBXGroup;
			name = "External Frameworks and Libraries";
			path = "";
			refType = 4;
			sourceTree = "<Group>";
		};
		2A1043669E6E5A7426EA502A = {
			buildActionMask = 2147483647;
			files = (
				"D4C6C82444385503E4EE191F",
				"AB90DFAE6C4CD124CA6E411C",
				"F9E76E570E10AF14870553A7",
				"6AFFA5CC440B7A45A7B1BFFC",
				"7D24C4AAFE054CB4F844982B",
				"BE29FCEBE353C8375F034751",
				"6FFE813FFE36D19F0C307231",
				"49776FFF3F684830E553ECE4",
				"64A33A9558C33BD514ED753F");
			isa = PBXFrameworksBuildPhase;
			name = "Frameworks & Libraries";
		};
		3787F99312C85FF0073FD7BA = {
			buildActionMask = 2147483647;
			files = (
			);
			isa = PBXResourcesBuildPhase;
			name = "Bundle Resources";
		};
		05596AB53D8D521C69802C27 = {
			children = (
				"FB61758D0F0FDA4BA867C3D5",
				"46E892BBB6BB6952967E0561",
				"883D7615C4D2DE3FA1218F12",
				"7CABE3C80E79AD2B307756D2",
				"ED1E82605DD74B483AF3C982");
			isa = PBXGroup;
			name = "Peerster";
			path = "";
			refType = 4;
			sourceTree = "<Group>";
		};
		0893836F1D7D57344A95F3C4 = {
			isa = PBXFileReference;
			explicitFileType = "wrapper.application";
			path = "Peerster.app";
			refType = 3;
			sourceTree = BUILT_PRODUCTS_DIR;
		};
		068F80C7519D0528FB08E821 = {
			children = (
				"0893836F1D7D57344A95F3C4");
			isa = PBXGroup;
			name = "Products";
			refType = 4;
		};
		C695997F61F7EC8665DCEAFC = {
			buildPhases = (
				"D7BA7D76DAB5DD13389D6332",
				"A0A52A2ADF7A1E2A99738674",
				"C29B8785722055ED95EF7B57",
				"2A1043669E6E5A7426EA502A",
				"3787F99312C85FF0073FD7BA");
			buildSettings = {
				CC = "/usr/bin/gcc";
				CPLUSPLUS = "/usr/bin/g++";
				LEXFLAGS = "";
				YACCFLAGS = "-d";
				OTHER_REZFLAGS = "";
				SECTORDER_FLAGS = "";
				WARNING_CFLAGS = "";
				PREBINDING = NO;
				INFOPLIST_FILE = "Info.plist";
				BUILD_ROOT = "/Users/Vincent/Peerster/Peerster";
				OTHER_LDFLAGS = (
						"-headerpad_max_install_names",
						"-L/usr/local/Cellar/qt/4.8.5/lib",
						"-F/usr/local/Cellar/qt/4.8.5/lib",
						"-F/usr/local/Cellar/qca/2.0.3/lib",
						"-L/opt/X11/lib",
						"-L/usr/local/Cellar/qt/4.8.5/lib",
						"-F/usr/local/Cellar/qt/4.8.5/lib");
				DYLIB_CURRENT_VERSION = "1.0.0";
				DYLIB_COMPATIBILITY_VERSION = "1.0";
				MACOSX_DEPLOYMENT_TARGET = "10.4";
				PRODUCT_NAME = "Peerster";
			};
			conditionalBuildSettings = {
			};
			dependencies = (
				);
			productReference = "0893836F1D7D57344A95F3C4";
			shouldUseHeadermap = 1;
			buildConfigurationList = 17B3380A4D6A7D415E7F2E1E;
			isa = PBXNativeTarget;
			productType = "com.apple.product-type.application";
			productSettingsXML = "<?xml version=\"1.0\" encoding=\"UTF-8\"?>
<!DOCTYPE plist SYSTEM \"file://localhost/System/Library/DTDs/PropertyList.dtd\">
<plist version=\"0.9\">
<dict>
	<key>NSPrincipalClass</key>
	<string>NSApplication</string>
	<key>CFBundleIconFile</key>
	<string></string>
	<key>CFBundlePackageType</key>
	<string>APPL</string>
 	<key>CFBundleGetInfoString</key>
	<string>Created by Qt/QMake</string>
	<key>CFBundleSignature</key>
	<string>????</string>
	<key>CFBundleExecutable</key>
	<string>Peerster</string>
	<key>CFBundleIdentifier</key>
	<string>com.yourcompany.Peerster</string>
	<key>NOTE</key>
	<string>This file was generated by Qt/QMake.</string>
</dict>
</plist>
";
			name = "Peerster";
			productName = "Peerster";
			startupPath = "<<ProjectDirectory>>";
		};
		4B72B24813252891014BCF61 = {
			isa = XCBuildConfiguration;
			buildSettings = {
				COPY_PHASE_STRIP = "NO";
				GCC_GENERATE_DEBUGGING_SYMBOLS = "YES";
				GCC_OPTIMIZATION_LEVEL = "0";
				PRODUCT_NAME = "Peerster";
				HEADER_SEARCH_PATHS = (
					"/usr/local/Cellar/qt/4.8.5/lib/QtCore.framework/Versions/4/Headers",
					"/usr/local/Cellar/qt/4.8.5/lib/QtCore.framework/Versions/4/Headers",
					"/usr/local/Cellar/qt/4.8.5/lib/QtNetwork.framework/Versions/4/Headers",
					"/usr/local/Cellar/qt/4.8.5/lib/QtNetwork.framework/Versions/4/Headers",
					"/usr/local/Cellar/qt/4.8.5/lib/QtGui.framework/Versions/4/Headers",
					"/usr/local/Cellar/qt/4.8.5/lib/QtGui.framework/Versions/4/Headers",
					"/usr/local/Cellar/qt/4.8.5/lib/QtMultimedia.framework/Versions/4/Headers",
					"/usr/local/Cellar/qt/4.8.5/lib/QtMultimedia.framework/Versions/4/Headers",
					"/usr/local/Cellar/qt/4.8.5/include",
					".",
					"/usr/local/Cellar/qca/2.0.3/lib/qca.framework/Versions/2/Headers",
					".",
					"/usr/local/include",
					"/System/Library/Frameworks/CarbonCore.framework/Headers",
					"/usr/local/Cellar/qt/4.8.5/mkspecs/macx-xcode");
				LIBRARY_SEARCH_PATHS = (
					"/usr/local/Cellar/qt/4.8.5/lib",
					"/usr/local/Cellar/qca/2.0.3/lib",
					"/opt/X11/lib",
					"/usr/local/Cellar/qt/4.8.5/lib",
					"/System/Library/Frameworks/");
				FRAMEWORK_SEARCH_PATHS = (
					"/usr/local/Cellar/qt/4.8.5/lib",
					"/usr/local/Cellar/qt/4.8.5/lib",
					"/usr/local/Cellar/qca/2.0.3/lib",
					"/usr/local/Cellar/qt/4.8.5/lib");
				INFOPLIST_FILE = "Info.plist";
				OTHER_CFLAGS = (
					"-pipe",
					"-O2",
					"-Wall",
					"-W",
					"-DQT_NO_DEBUG",
					"-DQT_MULTIMEDIA_LIB",
					"-DQT_GUI_LIB",
					"-DQT_NETWORK_LIB",
					"-DQT_CORE_LIB",
					"-DQT_SHARED");
				OTHER_CPLUSPLUSFLAGS = (
					"-pipe",
					"-O2",
					"-Wall",
					"-W",
					"-DQT_NO_DEBUG",
					"-DQT_MULTIMEDIA_LIB",
					"-DQT_GUI_LIB",
					"-DQT_NETWORK_LIB",
					"-DQT_CORE_LIB",
					"-DQT_SHARED");
				OTHER_LDFLAGS = (
						"-headerpad_max_install_names",
						"-L/usr/local/Cellar/qt/4.8.5/lib",
						"-F/usr/local/Cellar/qt/4.8.5/lib",
						"-F/usr/local/Cellar/qca/2.0.3/lib",
						"-L/opt/X11/lib",
						"-L/usr/local/Cellar/qt/4.8.5/lib",
						"-F/usr/local/Cellar/qt/4.8.5/lib");
				ARCHS = "x86_64";
			};
			name = "Debug";
		};
		BEC09A62E69C3553534FF35E = {
			isa = XCBuildConfiguration;
			buildSettings = {
				COPY_PHASE_STRIP = "NO";
				GCC_GENERATE_DEBUGGING_SYMBOLS = "YES";
				GCC_OPTIMIZATION_LEVEL = "0";
				PRODUCT_NAME = "Peerster";
				PRODUCT_NAME = "Peerster";
			};
			name = "Debug";
		};
		2C641C3335766025DD51B7BD = {
			buildRules = (
				);
			buildSettings = {
				COPY_PHASE_STRIP = "NO";
				GCC_GENERATE_DEBUGGING_SYMBOLS = "YES";
				GCC_OPTIMIZATION_LEVEL = "0";
				PRODUCT_NAME = "Peerster";
			};
			isa = "PBXBuildStyle";
			name = "Debug";
		};
		D70590BEB531B51029F711BB = {
			isa = XCBuildConfiguration;
			buildSettings = {
				COPY_PHASE_STRIP = "YES";
				GCC_GENERATE_DEBUGGING_SYMBOLS = "NO";
				PRODUCT_NAME = "Peerster";
				HEADER_SEARCH_PATHS = (
					"/usr/local/Cellar/qt/4.8.5/lib/QtCore.framework/Versions/4/Headers",
					"/usr/local/Cellar/qt/4.8.5/lib/QtCore.framework/Versions/4/Headers",
					"/usr/local/Cellar/qt/4.8.5/lib/QtNetwork.framework/Versions/4/Headers",
					"/usr/local/Cellar/qt/4.8.5/lib/QtNetwork.framework/Versions/4/Headers",
					"/usr/local/Cellar/qt/4.8.5/lib/QtGui.framework/Versions/4/Headers",
					"/usr/local/Cellar/qt/4.8.5/lib/QtGui.framework/Versions/4/Headers",
					"/usr/local/Cellar/qt/4.8.5/lib/QtMultimedia.framework/Versions/4/Headers",
					"/usr/local/Cellar/qt/4.8.5/lib/QtMultimedia.framework/Versions/4/Headers",
					"/usr/local/Cellar/qt/4.8.5/include",
					".",
					"/usr/local/Cellar/qca/2.0.3/lib/qca.framework/Versions/2/Headers",
					".",
					"/usr/local/include",
					"/System/Library/Frameworks/CarbonCore.framework/Headers",
					"/usr/local/Cellar/qt/4.8.5/mkspecs/macx-xcode");
				LIBRARY_SEARCH_PATHS = (
					"/usr/local/Cellar/qt/4.8.5/lib",
					"/usr/local/Cellar/qca/2.0.3/lib",
					"/opt/X11/lib",
					"/usr/local/Cellar/qt/4.8.5/lib",
					"/System/Library/Frameworks/");
				FRAMEWORK_SEARCH_PATHS = (
					"/usr/local/Cellar/qt/4.8.5/lib",
					"/usr/local/Cellar/qt/4.8.5/lib",
					"/usr/local/Cellar/qca/2.0.3/lib",
					"/usr/local/Cellar/qt/4.8.5/lib");
				INFOPLIST_FILE = "Info.plist";
				OTHER_CFLAGS = (
					"-pipe",
					"-O2",
					"-Wall",
					"-W",
					"-DQT_NO_DEBUG",
					"-DQT_MULTIMEDIA_LIB",
					"-DQT_GUI_LIB",
					"-DQT_NETWORK_LIB",
					"-DQT_CORE_LIB",
					"-DQT_SHARED");
				OTHER_CPLUSPLUSFLAGS = (
					"-pipe",
					"-O2",
					"-Wall",
					"-W",
					"-DQT_NO_DEBUG",
					"-DQT_MULTIMEDIA_LIB",
					"-DQT_GUI_LIB",
					"-DQT_NETWORK_LIB",
					"-DQT_CORE_LIB",
					"-DQT_SHARED");
				OTHER_LDFLAGS = (
						"-headerpad_max_install_names",
						"-L/usr/local/Cellar/qt/4.8.5/lib",
						"-F/usr/local/Cellar/qt/4.8.5/lib",
						"-F/usr/local/Cellar/qca/2.0.3/lib",
						"-L/opt/X11/lib",
						"-L/usr/local/Cellar/qt/4.8.5/lib",
						"-F/usr/local/Cellar/qt/4.8.5/lib");
				ARCHS = "x86_64";
			};
			name = "Release";
		};
		8C7174830A1E4DCBA0332EC1 = {
			isa = XCBuildConfiguration;
			buildSettings = {
				COPY_PHASE_STRIP = "YES";
				GCC_GENERATE_DEBUGGING_SYMBOLS = "NO";
				PRODUCT_NAME = "Peerster";
				PRODUCT_NAME = "Peerster";
			};
			name = "Release";
		};
		26DE8D2AEA4B3714B41E931F = {
			buildRules = (
				);
			buildSettings = {
				COPY_PHASE_STRIP = "YES";
				GCC_GENERATE_DEBUGGING_SYMBOLS = "NO";
				PRODUCT_NAME = "Peerster";
			};
			isa = "PBXBuildStyle";
			name = "Release";
		};
		CC82A9286117DFED018F418F = {
			isa = XCConfigurationList;
			buildConfigurations = (
				"4B72B24813252891014BCF61",
				"D70590BEB531B51029F711BB");
			defaultConfigurationIsVisible = 0;
			defaultConfigurationIsName = "Release";
		};
		17B3380A4D6A7D415E7F2E1E = {
			isa = XCConfigurationList;
			buildConfigurations = (
				"BEC09A62E69C3553534FF35E",
				"8C7174830A1E4DCBA0332EC1");
			defaultConfigurationIsVisible = 0;
			defaultConfigurationIsName = "Release";
		};
		91B15E841AA80083484172DE = {
			buildStyles = (
				"2C641C3335766025DD51B7BD",
				"26DE8D2AEA4B3714B41E931F");
			hasScannedForEncodings = 1;
			isa = PBXProject;
			mainGroup = "05596AB53D8D521C69802C27";
			buildConfigurationList = "CC82A9286117DFED018F418F";
			projectDirPath = "";
			targets = (
				"C695997F61F7EC8665DCEAFC");
		};
	};
	rootObject = "91B15E841AA80083484172DE";
}
