// !$*UTF8*$!
{
	archiveVersion = 1;
	classes = {
	};
	objectVersion = 46;
	objects = {

/* Begin PBXBuildFile section */
		0F92C7DE5A6D0ECD279B47C7 /* main.cc in Build Sources */ = {isa = PBXBuildFile; fileRef = D759577E53E2CE061239002D /* main.cc */; settings = {ATTRIBUTES = (); }; };
		1A4B4133AC29C276E5FA3DA6 /* moc_Textbox.cpp in Build Sources */ = {isa = PBXBuildFile; fileRef = 37C055C2B4C57C576C063BCF /* moc_Textbox.cpp */; settings = {ATTRIBUTES = (); }; };
		3055D3F18102CDB806A05B7F /* Message.cc in Build Sources */ = {isa = PBXBuildFile; fileRef = 86B358F2BF0DDAE13C0D59AB /* Message.cc */; settings = {ATTRIBUTES = (); }; };
		49776FFF3F684830E553ECE4 /* QtCore.framework in Frameworks & Libraries */ = {isa = PBXBuildFile; fileRef = D98F638C7798CC1DDA980D9A /* QtCore.framework */; };
		64A33A9558C33BD514ED753F /* QtNetwork.framework in Frameworks & Libraries */ = {isa = PBXBuildFile; fileRef = 883EF222A803862A8D41343B /* QtNetwork.framework */; };
		6FFE813FFE36D19F0C307231 /* QtGui.framework in Frameworks & Libraries */ = {isa = PBXBuildFile; fileRef = AA9D9004ACE84CD1D55FED5F /* QtGui.framework */; };
		899BB0EB47C608AC8D49247D /* Messages.cc in Build Sources */ = {isa = PBXBuildFile; fileRef = E0BBC85E7EBD497B22D3B33E /* Messages.cc */; settings = {ATTRIBUTES = (); }; };
		B3470EEF1B69CBC8CDF46E7E /* Textbox.cc in Build Sources */ = {isa = PBXBuildFile; fileRef = 39F21E01BF99D77BE75B0832 /* Textbox.cc */; settings = {ATTRIBUTES = (); }; };
		D33B1E115874F491151176CF /* Peer.cc in Build Sources */ = {isa = PBXBuildFile; fileRef = 2E3BA334344441BCDAAC8724 /* Peer.cc */; settings = {ATTRIBUTES = (); }; };
		D8AD7ED0F9946A097F668BBF /* moc_main.cpp in Build Sources */ = {isa = PBXBuildFile; fileRef = F41053476CF4B2C49EF187F7 /* moc_main.cpp */; settings = {ATTRIBUTES = (); }; };
/* End PBXBuildFile section */

/* Begin PBXFileReference section */
		000F2A1E9067A79452CB9855 /* main.hh */ = {isa = PBXFileReference; lastKnownFileType = sourcecode.cpp.h; path = main.hh; sourceTree = SOURCE_ROOT; };
		12CE19638E6C844EFEBA5234 /* Peer.hh */ = {isa = PBXFileReference; lastKnownFileType = sourcecode.cpp.h; path = Peer.hh; sourceTree = SOURCE_ROOT; };
		2E3BA334344441BCDAAC8724 /* Peer.cc */ = {isa = PBXFileReference; lastKnownFileType = sourcecode.cpp.cpp; path = Peer.cc; sourceTree = SOURCE_ROOT; };
		37C055C2B4C57C576C063BCF /* moc_Textbox.cpp */ = {isa = PBXFileReference; lastKnownFileType = sourcecode.cpp.cpp; path = moc_Textbox.cpp; sourceTree = SOURCE_ROOT; };
		39F21E01BF99D77BE75B0832 /* Textbox.cc */ = {isa = PBXFileReference; lastKnownFileType = sourcecode.cpp.cpp; path = Textbox.cc; sourceTree = SOURCE_ROOT; };
		453E80AD538D7B6495C54E54 /* peerster.pro */ = {isa = PBXFileReference; lastKnownFileType = text; path = peerster.pro; sourceTree = SOURCE_ROOT; };
		4C29474217D8C5F700AC255C /* Peerster.app */ = {isa = PBXFileReference; explicitFileType = wrapper.application; includeInIndex = 0; path = Peerster.app; sourceTree = BUILT_PRODUCTS_DIR; };
		4F2C0F4C926D8A65CB56838D /* Messages.hh */ = {isa = PBXFileReference; lastKnownFileType = sourcecode.cpp.h; path = Messages.hh; sourceTree = SOURCE_ROOT; };
		790A68ED394F84241507598D /* Textbox.hh */ = {isa = PBXFileReference; lastKnownFileType = sourcecode.cpp.h; path = Textbox.hh; sourceTree = SOURCE_ROOT; };
		86B358F2BF0DDAE13C0D59AB /* Message.cc */ = {isa = PBXFileReference; lastKnownFileType = sourcecode.cpp.cpp; path = Message.cc; sourceTree = SOURCE_ROOT; };
		883EF222A803862A8D41343B /* QtNetwork.framework */ = {isa = PBXFileReference; lastKnownFileType = wrapper.framework; name = QtNetwork.framework; path = /usr/local/Cellar/qt/4.8.5/lib/QtNetwork.framework; sourceTree = "<absolute>"; };
		A08683E53D9B2519B1313D9E /* Message.hh */ = {isa = PBXFileReference; lastKnownFileType = sourcecode.cpp.h; path = Message.hh; sourceTree = SOURCE_ROOT; };
		AA9D9004ACE84CD1D55FED5F /* QtGui.framework */ = {isa = PBXFileReference; lastKnownFileType = wrapper.framework; name = QtGui.framework; path = /usr/local/Cellar/qt/4.8.5/lib/QtGui.framework; sourceTree = "<absolute>"; };
		D759577E53E2CE061239002D /* main.cc */ = {isa = PBXFileReference; lastKnownFileType = sourcecode.cpp.cpp; path = main.cc; sourceTree = SOURCE_ROOT; };
		D98F638C7798CC1DDA980D9A /* QtCore.framework */ = {isa = PBXFileReference; lastKnownFileType = wrapper.framework; name = QtCore.framework; path = /usr/local/Cellar/qt/4.8.5/lib/QtCore.framework; sourceTree = "<absolute>"; };
		E0BBC85E7EBD497B22D3B33E /* Messages.cc */ = {isa = PBXFileReference; lastKnownFileType = sourcecode.cpp.cpp; path = Messages.cc; sourceTree = SOURCE_ROOT; };
		F41053476CF4B2C49EF187F7 /* moc_main.cpp */ = {isa = PBXFileReference; lastKnownFileType = sourcecode.cpp.cpp; path = moc_main.cpp; sourceTree = SOURCE_ROOT; };
/* End PBXFileReference section */

/* Begin PBXFrameworksBuildPhase section */
		2A1043669E6E5A7426EA502A /* Frameworks & Libraries */ = {
			isa = PBXFrameworksBuildPhase;
			buildActionMask = 2147483647;
			files = (
				6FFE813FFE36D19F0C307231 /* QtGui.framework in Frameworks & Libraries */,
				49776FFF3F684830E553ECE4 /* QtCore.framework in Frameworks & Libraries */,
				64A33A9558C33BD514ED753F /* QtNetwork.framework in Frameworks & Libraries */,
			);
			name = "Frameworks & Libraries";
			runOnlyForDeploymentPostprocessing = 0;
		};
/* End PBXFrameworksBuildPhase section */

/* Begin PBXGroup section */
		05596AB53D8D521C69802C27 /* Peerster */ = {
			isa = PBXGroup;
			children = (
				FB61758D0F0FDA4BA867C3D5 /* Sources */,
				46E892BBB6BB6952967E0561 /* Temporary Sources */,
				883D7615C4D2DE3FA1218F12 /* Headers */,
				7CABE3C80E79AD2B307756D2 /* Sources [qmake] */,
				ED1E82605DD74B483AF3C982 /* External Frameworks and Libraries */,
				4C29474317D8C5F700AC255C /* Products */,
			);
			name = Peerster;
			sourceTree = "<Group>";
		};
		46E892BBB6BB6952967E0561 /* Temporary Sources */ = {
			isa = PBXGroup;
			children = (
				F41053476CF4B2C49EF187F7 /* moc_main.cpp */,
				37C055C2B4C57C576C063BCF /* moc_Textbox.cpp */,
			);
			name = "Temporary Sources";
			sourceTree = "<Group>";
		};
		4C29474317D8C5F700AC255C /* Products */ = {
			isa = PBXGroup;
			children = (
				4C29474217D8C5F700AC255C /* Peerster.app */,
			);
			name = Products;
			sourceTree = "<group>";
		};
		7CABE3C80E79AD2B307756D2 /* Sources [qmake] */ = {
			isa = PBXGroup;
			children = (
				453E80AD538D7B6495C54E54 /* peerster.pro */,
			);
			name = "Sources [qmake]";
			sourceTree = "<Group>";
		};
		883D7615C4D2DE3FA1218F12 /* Headers */ = {
			isa = PBXGroup;
			children = (
				000F2A1E9067A79452CB9855 /* main.hh */,
				790A68ED394F84241507598D /* Textbox.hh */,
				12CE19638E6C844EFEBA5234 /* Peer.hh */,
				4F2C0F4C926D8A65CB56838D /* Messages.hh */,
				A08683E53D9B2519B1313D9E /* Message.hh */,
			);
			name = Headers;
			sourceTree = "<Group>";
		};
		ED1E82605DD74B483AF3C982 /* External Frameworks and Libraries */ = {
			isa = PBXGroup;
			children = (
				AA9D9004ACE84CD1D55FED5F /* QtGui.framework */,
				D98F638C7798CC1DDA980D9A /* QtCore.framework */,
				883EF222A803862A8D41343B /* QtNetwork.framework */,
			);
			name = "External Frameworks and Libraries";
			sourceTree = "<Group>";
		};
		FB61758D0F0FDA4BA867C3D5 /* Sources */ = {
			isa = PBXGroup;
			children = (
				D759577E53E2CE061239002D /* main.cc */,
				39F21E01BF99D77BE75B0832 /* Textbox.cc */,
				2E3BA334344441BCDAAC8724 /* Peer.cc */,
				E0BBC85E7EBD497B22D3B33E /* Messages.cc */,
				86B358F2BF0DDAE13C0D59AB /* Message.cc */,
			);
			name = Sources;
			sourceTree = "<Group>";
		};
/* End PBXGroup section */

/* Begin PBXNativeTarget section */
		856CF5836FB6CF0CBEEFA0F6 /* Peerster */ = {
			isa = PBXNativeTarget;
			buildConfigurationList = 17B3380A4D6A7D415E7F2E1E /* Build configuration list for PBXNativeTarget "Peerster" */;
			buildPhases = (
				D7BA7D76DAB5DD13389D6332 /* Qt Qmake */,
				A0A52A2ADF7A1E2A99738674 /* Qt Preprocessors */,
				C29B8785722055ED95EF7B57 /* Build Sources */,
				2A1043669E6E5A7426EA502A /* Frameworks & Libraries */,
				3787F99312C85FF0073FD7BA /* Bundle Resources */,
			);
			buildRules = (
			);
			dependencies = (
			);
			name = Peerster;
			productName = Peerster;
			productReference = 4C29474217D8C5F700AC255C /* Peerster.app */;
			productType = "com.apple.product-type.application";
		};
/* End PBXNativeTarget section */

/* Begin PBXProject section */
		91B15E841AA80083484172DE /* Project object */ = {
			isa = PBXProject;
			attributes = {
				LastUpgradeCheck = 0460;
			};
			buildConfigurationList = CC82A9286117DFED018F418F /* Build configuration list for PBXProject "Peerster" */;
			compatibilityVersion = "Xcode 3.2";
			developmentRegion = English;
			hasScannedForEncodings = 1;
			knownRegions = (
				en,
			);
			mainGroup = 05596AB53D8D521C69802C27 /* Peerster */;
			productRefGroup = 4C29474317D8C5F700AC255C /* Products */;
			projectDirPath = "";
			projectRoot = "";
			targets = (
				856CF5836FB6CF0CBEEFA0F6 /* Peerster */,
			);
		};
/* End PBXProject section */

/* Begin PBXResourcesBuildPhase section */
		3787F99312C85FF0073FD7BA /* Bundle Resources */ = {
			isa = PBXResourcesBuildPhase;
			buildActionMask = 2147483647;
			files = (
			);
			name = "Bundle Resources";
			runOnlyForDeploymentPostprocessing = 0;
		};
/* End PBXResourcesBuildPhase section */

/* Begin PBXShellScriptBuildPhase section */
		A0A52A2ADF7A1E2A99738674 /* Qt Preprocessors */ = {
			isa = PBXShellScriptBuildPhase;
			buildActionMask = 2147483647;
			files = (
			);
			name = "Qt Preprocessors";
			runOnlyForDeploymentPostprocessing = 0;
			shellPath = /bin/sh;
			shellScript = "make -C /Users/Michael/Documents/Yale/Junior/Fall/CPSC426/peerster/Peerster -f 'Peerster.xcodeproj/qt_preprocess.mak'";
		};
		D7BA7D76DAB5DD13389D6332 /* Qt Qmake */ = {
			isa = PBXShellScriptBuildPhase;
			buildActionMask = 2147483647;
			files = (
			);
			name = "Qt Qmake";
			runOnlyForDeploymentPostprocessing = 0;
			shellPath = /bin/sh;
			shellScript = "make -C /Users/Michael/Documents/Yale/Junior/Fall/CPSC426/peerster/Peerster -f 'Peerster.xcodeproj/qt_makeqmake.mak'";
		};
/* End PBXShellScriptBuildPhase section */

/* Begin PBXSourcesBuildPhase section */
		C29B8785722055ED95EF7B57 /* Build Sources */ = {
			isa = PBXSourcesBuildPhase;
			buildActionMask = 2147483647;
			files = (
				0F92C7DE5A6D0ECD279B47C7 /* main.cc in Build Sources */,
				B3470EEF1B69CBC8CDF46E7E /* Textbox.cc in Build Sources */,
				D33B1E115874F491151176CF /* Peer.cc in Build Sources */,
				899BB0EB47C608AC8D49247D /* Messages.cc in Build Sources */,
				3055D3F18102CDB806A05B7F /* Message.cc in Build Sources */,
				D8AD7ED0F9946A097F668BBF /* moc_main.cpp in Build Sources */,
				1A4B4133AC29C276E5FA3DA6 /* moc_Textbox.cpp in Build Sources */,
			);
			name = "Build Sources";
			runOnlyForDeploymentPostprocessing = 0;
		};
/* End PBXSourcesBuildPhase section */

/* Begin XCBuildConfiguration section */
		4B72B24813252891014BCF61 /* Debug */ = {
			isa = XCBuildConfiguration;
			buildSettings = {
				ARCHS = x86_64;
				COPY_PHASE_STRIP = NO;
				FRAMEWORK_SEARCH_PATHS = (
					/usr/local/Cellar/qt/4.8.5/lib,
					/usr/local/Cellar/qt/4.8.5/lib,
					/usr/local/Cellar/qt/4.8.5/lib,
				);
				GCC_GENERATE_DEBUGGING_SYMBOLS = YES;
				GCC_OPTIMIZATION_LEVEL = 0;
				HEADER_SEARCH_PATHS = (
					/usr/local/Cellar/qt/4.8.5/lib/QtCore.framework/Versions/4/Headers,
					/usr/local/Cellar/qt/4.8.5/lib/QtCore.framework/Versions/4/Headers,
					/usr/local/Cellar/qt/4.8.5/lib/QtNetwork.framework/Versions/4/Headers,
					/usr/local/Cellar/qt/4.8.5/lib/QtNetwork.framework/Versions/4/Headers,
					/usr/local/Cellar/qt/4.8.5/lib/QtGui.framework/Versions/4/Headers,
					/usr/local/Cellar/qt/4.8.5/lib/QtGui.framework/Versions/4/Headers,
					/usr/local/Cellar/qt/4.8.5/include,
					.,
					.,
					/usr/local/include,
					/System/Library/Frameworks/CarbonCore.framework/Headers,
					"/usr/local/Cellar/qt/4.8.5/mkspecs/macx-xcode",
				);
				INFOPLIST_FILE = Info.plist;
				LIBRARY_SEARCH_PATHS = (
					/usr/local/Cellar/qt/4.8.5/lib,
					/opt/X11/lib,
					/usr/local/Cellar/qt/4.8.5/lib,
				);
				OTHER_CFLAGS = (
					"-pipe",
					"-O2",
					"-Wall",
					"-W",
					"-DQT_NO_DEBUG",
					"-DQT_GUI_LIB",
					"-DQT_NETWORK_LIB",
					"-DQT_CORE_LIB",
					"-DQT_SHARED",
				);
				OTHER_CPLUSPLUSFLAGS = (
					"-pipe",
					"-O2",
					"-Wall",
					"-W",
					"-DQT_NO_DEBUG",
					"-DQT_GUI_LIB",
					"-DQT_NETWORK_LIB",
					"-DQT_CORE_LIB",
					"-DQT_SHARED",
				);
				OTHER_LDFLAGS = (
					"-headerpad_max_install_names",
					"-L/usr/local/Cellar/qt/4.8.5/lib",
					"-F/usr/local/Cellar/qt/4.8.5/lib",
					"-L/opt/X11/lib",
					"-L/usr/local/Cellar/qt/4.8.5/lib",
					"-F/usr/local/Cellar/qt/4.8.5/lib",
				);
				PRODUCT_NAME = Peerster;
			};
			name = Debug;
		};
		8C7174830A1E4DCBA0332EC1 /* Release */ = {
			isa = XCBuildConfiguration;
			buildSettings = {
				COMBINE_HIDPI_IMAGES = YES;
				COPY_PHASE_STRIP = YES;
				GCC_GENERATE_DEBUGGING_SYMBOLS = NO;
				PRODUCT_NAME = Peerster;
			};
			name = Release;
		};
		BEC09A62E69C3553534FF35E /* Debug */ = {
			isa = XCBuildConfiguration;
			buildSettings = {
				COMBINE_HIDPI_IMAGES = YES;
				COPY_PHASE_STRIP = NO;
				GCC_GENERATE_DEBUGGING_SYMBOLS = YES;
				GCC_OPTIMIZATION_LEVEL = 0;
				PRODUCT_NAME = Peerster;
			};
			name = Debug;
		};
		D70590BEB531B51029F711BB /* Release */ = {
			isa = XCBuildConfiguration;
			buildSettings = {
				ARCHS = x86_64;
				COPY_PHASE_STRIP = YES;
				FRAMEWORK_SEARCH_PATHS = (
					/usr/local/Cellar/qt/4.8.5/lib,
					/usr/local/Cellar/qt/4.8.5/lib,
					/usr/local/Cellar/qt/4.8.5/lib,
				);
				GCC_GENERATE_DEBUGGING_SYMBOLS = NO;
				HEADER_SEARCH_PATHS = (
					/usr/local/Cellar/qt/4.8.5/lib/QtCore.framework/Versions/4/Headers,
					/usr/local/Cellar/qt/4.8.5/lib/QtCore.framework/Versions/4/Headers,
					/usr/local/Cellar/qt/4.8.5/lib/QtNetwork.framework/Versions/4/Headers,
					/usr/local/Cellar/qt/4.8.5/lib/QtNetwork.framework/Versions/4/Headers,
					/usr/local/Cellar/qt/4.8.5/lib/QtGui.framework/Versions/4/Headers,
					/usr/local/Cellar/qt/4.8.5/lib/QtGui.framework/Versions/4/Headers,
					/usr/local/Cellar/qt/4.8.5/include,
					.,
					.,
					/usr/local/include,
					/System/Library/Frameworks/CarbonCore.framework/Headers,
					"/usr/local/Cellar/qt/4.8.5/mkspecs/macx-xcode",
				);
				INFOPLIST_FILE = Info.plist;
				LIBRARY_SEARCH_PATHS = (
					/usr/local/Cellar/qt/4.8.5/lib,
					/opt/X11/lib,
					/usr/local/Cellar/qt/4.8.5/lib,
				);
				OTHER_CFLAGS = (
					"-pipe",
					"-O2",
					"-Wall",
					"-W",
					"-DQT_NO_DEBUG",
					"-DQT_GUI_LIB",
					"-DQT_NETWORK_LIB",
					"-DQT_CORE_LIB",
					"-DQT_SHARED",
				);
				OTHER_CPLUSPLUSFLAGS = (
					"-pipe",
					"-O2",
					"-Wall",
					"-W",
					"-DQT_NO_DEBUG",
					"-DQT_GUI_LIB",
					"-DQT_NETWORK_LIB",
					"-DQT_CORE_LIB",
					"-DQT_SHARED",
				);
				OTHER_LDFLAGS = (
					"-headerpad_max_install_names",
					"-L/usr/local/Cellar/qt/4.8.5/lib",
					"-F/usr/local/Cellar/qt/4.8.5/lib",
					"-L/opt/X11/lib",
					"-L/usr/local/Cellar/qt/4.8.5/lib",
					"-F/usr/local/Cellar/qt/4.8.5/lib",
				);
				PRODUCT_NAME = Peerster;
			};
			name = Release;
		};
/* End XCBuildConfiguration section */

/* Begin XCConfigurationList section */
		17B3380A4D6A7D415E7F2E1E /* Build configuration list for PBXNativeTarget "Peerster" */ = {
			isa = XCConfigurationList;
			buildConfigurations = (
				BEC09A62E69C3553534FF35E /* Debug */,
				8C7174830A1E4DCBA0332EC1 /* Release */,
			);
			defaultConfigurationIsVisible = 0;
			defaultConfigurationName = Release;
		};
		CC82A9286117DFED018F418F /* Build configuration list for PBXProject "Peerster" */ = {
			isa = XCConfigurationList;
			buildConfigurations = (
				4B72B24813252891014BCF61 /* Debug */,
				D70590BEB531B51029F711BB /* Release */,
			);
			defaultConfigurationIsVisible = 0;
			defaultConfigurationName = Release;
		};
/* End XCConfigurationList section */
	};
	rootObject = 91B15E841AA80083484172DE /* Project object */;
}
