// !$*UTF8*$!
{
	archiveVersion = 1;
	classes = {
	};
	objectVersion = 46;
	objects = {

/* Begin PBXBuildFile section */
		02CDC179FAB60254546689BF /* moc_PrivateMessagingPanel.cpp in Build Sources */ = {isa = PBXBuildFile; fileRef = 889294B69789F4487B51D91D /* moc_PrivateMessagingPanel.cpp */; settings = {ATTRIBUTES = (); }; };
		072DEAF199EC832351D00217 /* PeersterFile.cc in Build Sources */ = {isa = PBXBuildFile; fileRef = CDE39949937C61391EFE9219 /* PeersterFile.cc */; settings = {ATTRIBUTES = (); }; };
		0F92C7DE5A6D0ECD279B47C7 /* main.cc in Build Sources */ = {isa = PBXBuildFile; fileRef = D759577E53E2CE061239002D /* main.cc */; settings = {ATTRIBUTES = (); }; };
		1CFE0C78A64F3E598E833754 /* SearchReplyMessage.cc in Build Sources */ = {isa = PBXBuildFile; fileRef = D6C4748E93948F6970358485 /* SearchReplyMessage.cc */; settings = {ATTRIBUTES = (); }; };
		2DF425D22AF0ABFCC22067E3 /* BlockRequestMessage.cc in Build Sources */ = {isa = PBXBuildFile; fileRef = 7517BF99384862A85367FB95 /* BlockRequestMessage.cc */; settings = {ATTRIBUTES = (); }; };
		4225BDDC5A035898D15E89AB /* moc_Socket.cpp in Build Sources */ = {isa = PBXBuildFile; fileRef = 5FB62051C2EE9DC3AC51E5C6 /* moc_Socket.cpp */; settings = {ATTRIBUTES = (); }; };
		49776FFF3F684830E553ECE4 /* QtCore.framework in Frameworks & Libraries */ = {isa = PBXBuildFile; fileRef = D98F638C7798CC1DDA980D9A /* QtCore.framework */; };
		50F1A0A6C62C20D272991B90 /* moc_PeersterFile.cpp in Build Sources */ = {isa = PBXBuildFile; fileRef = E3C7A882E505E70D8DC72F67 /* moc_PeersterFile.cpp */; settings = {ATTRIBUTES = (); }; };
		522FF07A82AF3B592BA63B2B /* SearchRequestMessage.cc in Build Sources */ = {isa = PBXBuildFile; fileRef = A574E41F3411DAA24B417E9D /* SearchRequestMessage.cc */; settings = {ATTRIBUTES = (); }; };
		64A33A9558C33BD514ED753F /* QtNetwork.framework in Frameworks & Libraries */ = {isa = PBXBuildFile; fileRef = 883EF222A803862A8D41343B /* QtNetwork.framework */; };
		6FFE813FFE36D19F0C307231 /* QtGui.framework in Frameworks & Libraries */ = {isa = PBXBuildFile; fileRef = AA9D9004ACE84CD1D55FED5F /* QtGui.framework */; };
		745BBB7F397F58ACA0BB35F5 /* Constants.cc in Build Sources */ = {isa = PBXBuildFile; fileRef = 98DDAEC184A723DABF37678E /* Constants.cc */; settings = {ATTRIBUTES = (); }; };
		76356B4B41D599A6B6D1DA8D /* Message.cc in Build Sources */ = {isa = PBXBuildFile; fileRef = 705E536B508D27DF51691DCA /* Message.cc */; settings = {ATTRIBUTES = (); }; };
		80E6030A5A227409AEB461D4 /* BlockReplyMessage.cc in Build Sources */ = {isa = PBXBuildFile; fileRef = 5C94018625A99BEBABE1F8FB /* BlockReplyMessage.cc */; settings = {ATTRIBUTES = (); }; };
		83851638952334F2840590B9 /* moc_Chatbox.cpp in Build Sources */ = {isa = PBXBuildFile; fileRef = C832DDC57F87205C7C0B3562 /* moc_Chatbox.cpp */; settings = {ATTRIBUTES = (); }; };
		899BB0EB47C608AC8D49247D /* Messages.cc in Build Sources */ = {isa = PBXBuildFile; fileRef = E0BBC85E7EBD497B22D3B33E /* Messages.cc */; settings = {ATTRIBUTES = (); }; };
		96975A09ED96892309CD49A4 /* SearchResultsPanel.cc in Build Sources */ = {isa = PBXBuildFile; fileRef = 81F16F22DD6D94EB00889E5E /* SearchResultsPanel.cc */; settings = {ATTRIBUTES = (); }; };
		98F6E50FD27D79713C5C735B /* PrivateChatDialog.cc in Build Sources */ = {isa = PBXBuildFile; fileRef = 09C7396B117FFFE50668D7FF /* PrivateChatDialog.cc */; settings = {ATTRIBUTES = (); }; };
		98FA7E9E8B04EA8147C25827 /* Socket.cc in Build Sources */ = {isa = PBXBuildFile; fileRef = 68376373146216DB7F574AD9 /* Socket.cc */; settings = {ATTRIBUTES = (); }; };
		9CF5E04B47B885A68F04E4E4 /* FilePanel.cc in Build Sources */ = {isa = PBXBuildFile; fileRef = 09F1CB6767DEF02B3D0C635C /* FilePanel.cc */; settings = {ATTRIBUTES = (); }; };
		A4ADB60AE2066B582BCCFC98 /* moc_PrivateChatDialog.cpp in Build Sources */ = {isa = PBXBuildFile; fileRef = 7DE906D1ECF664B05D56C61C /* moc_PrivateChatDialog.cpp */; settings = {ATTRIBUTES = (); }; };
		B986F2E8D95A535775A0C085 /* moc_FilePanel.cpp in Build Sources */ = {isa = PBXBuildFile; fileRef = 41BA27C6A5B07B2EDD1E5699 /* moc_FilePanel.cpp */; settings = {ATTRIBUTES = (); }; };
		C9110DA8E4557A383FA293DF /* PrivateMessagingPanel.cc in Build Sources */ = {isa = PBXBuildFile; fileRef = AD0390B0FFD3BCF522495B57 /* PrivateMessagingPanel.cc */; settings = {ATTRIBUTES = (); }; };
		D33B1E115874F491151176CF /* Peer.cc in Build Sources */ = {isa = PBXBuildFile; fileRef = 2E3BA334344441BCDAAC8724 /* Peer.cc */; settings = {ATTRIBUTES = (); }; };
		D8AD7ED0F9946A097F668BBF /* moc_main.cpp in Build Sources */ = {isa = PBXBuildFile; fileRef = F41053476CF4B2C49EF187F7 /* moc_main.cpp */; settings = {ATTRIBUTES = (); }; };
		DA4D4CE46F4AB231CAF06EC9 /* Chatbox.cc in Build Sources */ = {isa = PBXBuildFile; fileRef = 6AFA255CA62CFAC8563E5B39 /* Chatbox.cc */; settings = {ATTRIBUTES = (); }; };
		FAEBE99181C9C0C233C2F90B /* qca in Frameworks & Libraries */ = {isa = PBXBuildFile; fileRef = E4532E33CA7B0E0B47E58779 /* qca */; };
/* End PBXBuildFile section */

/* Begin PBXFileReference section */
		000F2A1E9067A79452CB9855 /* main.hh */ = {isa = PBXFileReference; lastKnownFileType = sourcecode.cpp.h; path = main.hh; sourceTree = SOURCE_ROOT; };
		07F14E5684220354824E14D7 /* SearchResultsPanel.hh */ = {isa = PBXFileReference; lastKnownFileType = sourcecode.cpp.h; name = SearchResultsPanel.hh; path = GUI/SearchResultsPanel.hh; sourceTree = SOURCE_ROOT; };
		09C7396B117FFFE50668D7FF /* PrivateChatDialog.cc */ = {isa = PBXFileReference; lastKnownFileType = sourcecode.cpp.cpp; name = PrivateChatDialog.cc; path = GUI/PrivateChatDialog.cc; sourceTree = SOURCE_ROOT; };
		09F1CB6767DEF02B3D0C635C /* FilePanel.cc */ = {isa = PBXFileReference; lastKnownFileType = sourcecode.cpp.cpp; name = FilePanel.cc; path = GUI/FilePanel.cc; sourceTree = SOURCE_ROOT; };
		0C2021078A3A8CBCB9A3A01E /* Chatbox.hh */ = {isa = PBXFileReference; lastKnownFileType = sourcecode.cpp.h; name = Chatbox.hh; path = GUI/Chatbox.hh; sourceTree = SOURCE_ROOT; };
		12CE19638E6C844EFEBA5234 /* Peer.hh */ = {isa = PBXFileReference; lastKnownFileType = sourcecode.cpp.h; path = Peer.hh; sourceTree = SOURCE_ROOT; };
		24A8DD62E000C3CB83BE9741 /* SearchRequestMessage.hh */ = {isa = PBXFileReference; lastKnownFileType = sourcecode.cpp.h; name = SearchRequestMessage.hh; path = Messages/SearchRequestMessage.hh; sourceTree = SOURCE_ROOT; };
		2E3BA334344441BCDAAC8724 /* Peer.cc */ = {isa = PBXFileReference; lastKnownFileType = sourcecode.cpp.cpp; path = Peer.cc; sourceTree = SOURCE_ROOT; };
		414DD86A7AC96B15FE9D354D /* PrivateMessagingPanel.hh */ = {isa = PBXFileReference; lastKnownFileType = sourcecode.cpp.h; name = PrivateMessagingPanel.hh; path = GUI/PrivateMessagingPanel.hh; sourceTree = SOURCE_ROOT; };
		41BA27C6A5B07B2EDD1E5699 /* moc_FilePanel.cpp */ = {isa = PBXFileReference; lastKnownFileType = sourcecode.cpp.cpp; path = moc_FilePanel.cpp; sourceTree = SOURCE_ROOT; };
		453E80AD538D7B6495C54E54 /* peerster.pro */ = {isa = PBXFileReference; lastKnownFileType = text; path = peerster.pro; sourceTree = SOURCE_ROOT; };
		4BF8915F4A4CED4C258BF8E9 /* Socket.hh */ = {isa = PBXFileReference; lastKnownFileType = sourcecode.cpp.h; path = Socket.hh; sourceTree = SOURCE_ROOT; };
		4CDC517018077C7700A34ADC /* Peerster.app */ = {isa = PBXFileReference; explicitFileType = wrapper.application; includeInIndex = 0; path = Peerster.app; sourceTree = BUILT_PRODUCTS_DIR; };
		4F2C0F4C926D8A65CB56838D /* Messages.hh */ = {isa = PBXFileReference; lastKnownFileType = sourcecode.cpp.h; path = Messages.hh; sourceTree = SOURCE_ROOT; };
		5C94018625A99BEBABE1F8FB /* BlockReplyMessage.cc */ = {isa = PBXFileReference; lastKnownFileType = sourcecode.cpp.cpp; name = BlockReplyMessage.cc; path = Messages/BlockReplyMessage.cc; sourceTree = SOURCE_ROOT; };
		5FB62051C2EE9DC3AC51E5C6 /* moc_Socket.cpp */ = {isa = PBXFileReference; lastKnownFileType = sourcecode.cpp.cpp; path = moc_Socket.cpp; sourceTree = SOURCE_ROOT; };
		68376373146216DB7F574AD9 /* Socket.cc */ = {isa = PBXFileReference; lastKnownFileType = sourcecode.cpp.cpp; path = Socket.cc; sourceTree = SOURCE_ROOT; };
		6AFA255CA62CFAC8563E5B39 /* Chatbox.cc */ = {isa = PBXFileReference; lastKnownFileType = sourcecode.cpp.cpp; name = Chatbox.cc; path = GUI/Chatbox.cc; sourceTree = SOURCE_ROOT; };
		705E536B508D27DF51691DCA /* Message.cc */ = {isa = PBXFileReference; lastKnownFileType = sourcecode.cpp.cpp; name = Message.cc; path = Messages/Message.cc; sourceTree = SOURCE_ROOT; };
		7517BF99384862A85367FB95 /* BlockRequestMessage.cc */ = {isa = PBXFileReference; lastKnownFileType = sourcecode.cpp.cpp; name = BlockRequestMessage.cc; path = Messages/BlockRequestMessage.cc; sourceTree = SOURCE_ROOT; };
		7B2CA41EBBE1C5DE94428332 /* FilePanel.hh */ = {isa = PBXFileReference; lastKnownFileType = sourcecode.cpp.h; name = FilePanel.hh; path = GUI/FilePanel.hh; sourceTree = SOURCE_ROOT; };
		7DE906D1ECF664B05D56C61C /* moc_PrivateChatDialog.cpp */ = {isa = PBXFileReference; lastKnownFileType = sourcecode.cpp.cpp; path = moc_PrivateChatDialog.cpp; sourceTree = SOURCE_ROOT; };
		81F16F22DD6D94EB00889E5E /* SearchResultsPanel.cc */ = {isa = PBXFileReference; lastKnownFileType = sourcecode.cpp.cpp; name = SearchResultsPanel.cc; path = GUI/SearchResultsPanel.cc; sourceTree = SOURCE_ROOT; };
		883EF222A803862A8D41343B /* QtNetwork.framework */ = {isa = PBXFileReference; lastKnownFileType = wrapper.framework; name = QtNetwork.framework; path = /usr/local/Cellar/qt/4.8.5/lib/QtNetwork.framework; sourceTree = "<absolute>"; };
		889294B69789F4487B51D91D /* moc_PrivateMessagingPanel.cpp */ = {isa = PBXFileReference; lastKnownFileType = sourcecode.cpp.cpp; path = moc_PrivateMessagingPanel.cpp; sourceTree = SOURCE_ROOT; };
		8F4D43B6AF93B867F58C5CC8 /* Constants.hh */ = {isa = PBXFileReference; lastKnownFileType = sourcecode.cpp.h; path = Constants.hh; sourceTree = SOURCE_ROOT; };
		98DDAEC184A723DABF37678E /* Constants.cc */ = {isa = PBXFileReference; lastKnownFileType = sourcecode.cpp.cpp; path = Constants.cc; sourceTree = SOURCE_ROOT; };
		A574E41F3411DAA24B417E9D /* SearchRequestMessage.cc */ = {isa = PBXFileReference; lastKnownFileType = sourcecode.cpp.cpp; name = SearchRequestMessage.cc; path = Messages/SearchRequestMessage.cc; sourceTree = SOURCE_ROOT; };
		AA9D9004ACE84CD1D55FED5F /* QtGui.framework */ = {isa = PBXFileReference; lastKnownFileType = wrapper.framework; name = QtGui.framework; path = /usr/local/Cellar/qt/4.8.5/lib/QtGui.framework; sourceTree = "<absolute>"; };
		AD0390B0FFD3BCF522495B57 /* PrivateMessagingPanel.cc */ = {isa = PBXFileReference; lastKnownFileType = sourcecode.cpp.cpp; name = PrivateMessagingPanel.cc; path = GUI/PrivateMessagingPanel.cc; sourceTree = SOURCE_ROOT; };
		B31C1B2A87B91FBCEEF39C1A /* BlockRequestMessage.hh */ = {isa = PBXFileReference; lastKnownFileType = sourcecode.cpp.h; name = BlockRequestMessage.hh; path = Messages/BlockRequestMessage.hh; sourceTree = SOURCE_ROOT; };
		C832DDC57F87205C7C0B3562 /* moc_Chatbox.cpp */ = {isa = PBXFileReference; lastKnownFileType = sourcecode.cpp.cpp; path = moc_Chatbox.cpp; sourceTree = SOURCE_ROOT; };
		CB09C7DF25F9B793C4548E42 /* PeersterFile.hh */ = {isa = PBXFileReference; lastKnownFileType = sourcecode.cpp.h; name = PeersterFile.hh; path = FileSharing/PeersterFile.hh; sourceTree = SOURCE_ROOT; };
		CDE39949937C61391EFE9219 /* PeersterFile.cc */ = {isa = PBXFileReference; lastKnownFileType = sourcecode.cpp.cpp; name = PeersterFile.cc; path = FileSharing/PeersterFile.cc; sourceTree = SOURCE_ROOT; };
		D06B10E7FEE48B264D2B821B /* Message.hh */ = {isa = PBXFileReference; lastKnownFileType = sourcecode.cpp.h; name = Message.hh; path = Messages/Message.hh; sourceTree = SOURCE_ROOT; };
		D6C4748E93948F6970358485 /* SearchReplyMessage.cc */ = {isa = PBXFileReference; lastKnownFileType = sourcecode.cpp.cpp; name = SearchReplyMessage.cc; path = Messages/SearchReplyMessage.cc; sourceTree = SOURCE_ROOT; };
		D759577E53E2CE061239002D /* main.cc */ = {isa = PBXFileReference; lastKnownFileType = sourcecode.cpp.cpp; path = main.cc; sourceTree = SOURCE_ROOT; };
		D98F638C7798CC1DDA980D9A /* QtCore.framework */ = {isa = PBXFileReference; lastKnownFileType = wrapper.framework; name = QtCore.framework; path = /usr/local/Cellar/qt/4.8.5/lib/QtCore.framework; sourceTree = "<absolute>"; };
		DFC2D44A436C35D52AA946A8 /* PrivateChatDialog.hh */ = {isa = PBXFileReference; lastKnownFileType = sourcecode.cpp.h; name = PrivateChatDialog.hh; path = GUI/PrivateChatDialog.hh; sourceTree = SOURCE_ROOT; };
		E053DB79E08E889603079086 /* SearchReplyMessage.hh */ = {isa = PBXFileReference; lastKnownFileType = sourcecode.cpp.h; name = SearchReplyMessage.hh; path = Messages/SearchReplyMessage.hh; sourceTree = SOURCE_ROOT; };
		E0BBC85E7EBD497B22D3B33E /* Messages.cc */ = {isa = PBXFileReference; lastKnownFileType = sourcecode.cpp.cpp; path = Messages.cc; sourceTree = SOURCE_ROOT; };
		E3C7A882E505E70D8DC72F67 /* moc_PeersterFile.cpp */ = {isa = PBXFileReference; lastKnownFileType = sourcecode.cpp.cpp; path = moc_PeersterFile.cpp; sourceTree = SOURCE_ROOT; };
		E4532E33CA7B0E0B47E58779 /* qca */ = {isa = PBXFileReference; lastKnownFileType = "compiled.mach-o.dylib"; name = qca; path = /usr/local/Cellar/qt/4.8.5/lib/libqca.2.0.3.dylib; sourceTree = "<absolute>"; };
		F3AFBE020864EC80D6EE4A8E /* BlockReplyMessage.hh */ = {isa = PBXFileReference; lastKnownFileType = sourcecode.cpp.h; name = BlockReplyMessage.hh; path = Messages/BlockReplyMessage.hh; sourceTree = SOURCE_ROOT; };
		F41053476CF4B2C49EF187F7 /* moc_main.cpp */ = {isa = PBXFileReference; lastKnownFileType = sourcecode.cpp.cpp; path = moc_main.cpp; sourceTree = SOURCE_ROOT; };
/* End PBXFileReference section */

/* Begin PBXFrameworksBuildPhase section */
		2A1043669E6E5A7426EA502A /* Frameworks & Libraries */ = {
			isa = PBXFrameworksBuildPhase;
			buildActionMask = 2147483647;
			files = (
				FAEBE99181C9C0C233C2F90B /* qca in Frameworks & Libraries */,
				6FFE813FFE36D19F0C307231 /* QtGui.framework in Frameworks & Libraries */,
				49776FFF3F684830E553ECE4 /* QtCore.framework in Frameworks & Libraries */,
				64A33A9558C33BD514ED753F /* QtNetwork.framework in Frameworks & Libraries */,
			);
			name = "Frameworks & Libraries";
			runOnlyForDeploymentPostprocessing = 0;
		};
/* End PBXFrameworksBuildPhase section */

/* Begin PBXGroup section */
		05596AB53D8D521C69802C27 /* Peerster */ = {
			isa = PBXGroup;
			children = (
				FB61758D0F0FDA4BA867C3D5 /* Sources */,
				46E892BBB6BB6952967E0561 /* Temporary Sources */,
				883D7615C4D2DE3FA1218F12 /* Headers */,
				7CABE3C80E79AD2B307756D2 /* Sources [qmake] */,
				ED1E82605DD74B483AF3C982 /* External Frameworks and Libraries */,
				4CDC517118077C7700A34ADC /* Products */,
			);
			name = Peerster;
			sourceTree = "<Group>";
		};
		3AEF65145630C14980FF3540 /* GUI */ = {
			isa = PBXGroup;
			children = (
				0C2021078A3A8CBCB9A3A01E /* Chatbox.hh */,
				7B2CA41EBBE1C5DE94428332 /* FilePanel.hh */,
				DFC2D44A436C35D52AA946A8 /* PrivateChatDialog.hh */,
				414DD86A7AC96B15FE9D354D /* PrivateMessagingPanel.hh */,
				07F14E5684220354824E14D7 /* SearchResultsPanel.hh */,
			);
			name = GUI;
			sourceTree = "<Group>";
		};
		46E892BBB6BB6952967E0561 /* Temporary Sources */ = {
			isa = PBXGroup;
			children = (
				F41053476CF4B2C49EF187F7 /* moc_main.cpp */,
				5FB62051C2EE9DC3AC51E5C6 /* moc_Socket.cpp */,
				E3C7A882E505E70D8DC72F67 /* moc_PeersterFile.cpp */,
				C832DDC57F87205C7C0B3562 /* moc_Chatbox.cpp */,
				41BA27C6A5B07B2EDD1E5699 /* moc_FilePanel.cpp */,
				7DE906D1ECF664B05D56C61C /* moc_PrivateChatDialog.cpp */,
				889294B69789F4487B51D91D /* moc_PrivateMessagingPanel.cpp */,
			);
			name = "Temporary Sources";
			sourceTree = "<Group>";
		};
		4CDC517118077C7700A34ADC /* Products */ = {
			isa = PBXGroup;
			children = (
				4CDC517018077C7700A34ADC /* Peerster.app */,
			);
			name = Products;
			sourceTree = "<group>";
		};
		7CABE3C80E79AD2B307756D2 /* Sources [qmake] */ = {
			isa = PBXGroup;
			children = (
				453E80AD538D7B6495C54E54 /* peerster.pro */,
			);
			name = "Sources [qmake]";
			sourceTree = "<Group>";
		};
		883D7615C4D2DE3FA1218F12 /* Headers */ = {
			isa = PBXGroup;
			children = (
				8F4D43B6AF93B867F58C5CC8 /* Constants.hh */,
				000F2A1E9067A79452CB9855 /* main.hh */,
				4F2C0F4C926D8A65CB56838D /* Messages.hh */,
				12CE19638E6C844EFEBA5234 /* Peer.hh */,
				4BF8915F4A4CED4C258BF8E9 /* Socket.hh */,
				F3CBD0A0FB1A9631AF3F519F /* FileSharing */,
				3AEF65145630C14980FF3540 /* GUI */,
				DB4E544D20C69265B97902C2 /* Messages */,
			);
			name = Headers;
			sourceTree = "<Group>";
		};
		AB0D1D2317F75517559788CC /* Messages */ = {
			isa = PBXGroup;
			children = (
				5C94018625A99BEBABE1F8FB /* BlockReplyMessage.cc */,
				7517BF99384862A85367FB95 /* BlockRequestMessage.cc */,
				705E536B508D27DF51691DCA /* Message.cc */,
				D6C4748E93948F6970358485 /* SearchReplyMessage.cc */,
				A574E41F3411DAA24B417E9D /* SearchRequestMessage.cc */,
			);
			name = Messages;
			sourceTree = "<Group>";
		};
		DB4E544D20C69265B97902C2 /* Messages */ = {
			isa = PBXGroup;
			children = (
				F3AFBE020864EC80D6EE4A8E /* BlockReplyMessage.hh */,
				B31C1B2A87B91FBCEEF39C1A /* BlockRequestMessage.hh */,
				D06B10E7FEE48B264D2B821B /* Message.hh */,
				E053DB79E08E889603079086 /* SearchReplyMessage.hh */,
				24A8DD62E000C3CB83BE9741 /* SearchRequestMessage.hh */,
			);
			name = Messages;
			sourceTree = "<Group>";
		};
		E0EE58F6C13E28618FC619A0 /* GUI */ = {
			isa = PBXGroup;
			children = (
				6AFA255CA62CFAC8563E5B39 /* Chatbox.cc */,
				09F1CB6767DEF02B3D0C635C /* FilePanel.cc */,
				09C7396B117FFFE50668D7FF /* PrivateChatDialog.cc */,
				AD0390B0FFD3BCF522495B57 /* PrivateMessagingPanel.cc */,
				81F16F22DD6D94EB00889E5E /* SearchResultsPanel.cc */,
			);
			name = GUI;
			sourceTree = "<Group>";
		};
		E35702F4247689E2CFF237FA /* FileSharing */ = {
			isa = PBXGroup;
			children = (
				CDE39949937C61391EFE9219 /* PeersterFile.cc */,
			);
			name = FileSharing;
			sourceTree = "<Group>";
		};
		ED1E82605DD74B483AF3C982 /* External Frameworks and Libraries */ = {
			isa = PBXGroup;
			children = (
				E4532E33CA7B0E0B47E58779 /* qca */,
				AA9D9004ACE84CD1D55FED5F /* QtGui.framework */,
				D98F638C7798CC1DDA980D9A /* QtCore.framework */,
				883EF222A803862A8D41343B /* QtNetwork.framework */,
			);
			name = "External Frameworks and Libraries";
			sourceTree = "<Group>";
		};
		F3CBD0A0FB1A9631AF3F519F /* FileSharing */ = {
			isa = PBXGroup;
			children = (
				CB09C7DF25F9B793C4548E42 /* PeersterFile.hh */,
			);
			name = FileSharing;
			sourceTree = "<Group>";
		};
		FB61758D0F0FDA4BA867C3D5 /* Sources */ = {
			isa = PBXGroup;
			children = (
				98DDAEC184A723DABF37678E /* Constants.cc */,
				D759577E53E2CE061239002D /* main.cc */,
				E0BBC85E7EBD497B22D3B33E /* Messages.cc */,
				2E3BA334344441BCDAAC8724 /* Peer.cc */,
				68376373146216DB7F574AD9 /* Socket.cc */,
				E35702F4247689E2CFF237FA /* FileSharing */,
				E0EE58F6C13E28618FC619A0 /* GUI */,
				AB0D1D2317F75517559788CC /* Messages */,
			);
			name = Sources;
			sourceTree = "<Group>";
		};
/* End PBXGroup section */

/* Begin PBXNativeTarget section */
		856CF5836FB6CF0CBEEFA0F6 /* Peerster */ = {
			isa = PBXNativeTarget;
			buildConfigurationList = 17B3380A4D6A7D415E7F2E1E /* Build configuration list for PBXNativeTarget "Peerster" */;
			buildPhases = (
				D7BA7D76DAB5DD13389D6332 /* Qt Qmake */,
				A0A52A2ADF7A1E2A99738674 /* Qt Preprocessors */,
				C29B8785722055ED95EF7B57 /* Build Sources */,
				2A1043669E6E5A7426EA502A /* Frameworks & Libraries */,
				3787F99312C85FF0073FD7BA /* Bundle Resources */,
			);
			buildRules = (
			);
			dependencies = (
			);
			name = Peerster;
			productName = Peerster;
			productReference = 4CDC517018077C7700A34ADC /* Peerster.app */;
			productType = "com.apple.product-type.application";
		};
/* End PBXNativeTarget section */

/* Begin PBXProject section */
		91B15E841AA80083484172DE /* Project object */ = {
			isa = PBXProject;
			attributes = {
				LastUpgradeCheck = 0500;
			};
			buildConfigurationList = CC82A9286117DFED018F418F /* Build configuration list for PBXProject "Peerster" */;
			compatibilityVersion = "Xcode 3.2";
			developmentRegion = English;
			hasScannedForEncodings = 1;
			knownRegions = (
				en,
			);
			mainGroup = 05596AB53D8D521C69802C27 /* Peerster */;
			productRefGroup = 4CDC517118077C7700A34ADC /* Products */;
			projectDirPath = "";
			projectRoot = "";
			targets = (
				856CF5836FB6CF0CBEEFA0F6 /* Peerster */,
			);
		};
/* End PBXProject section */

/* Begin PBXResourcesBuildPhase section */
		3787F99312C85FF0073FD7BA /* Bundle Resources */ = {
			isa = PBXResourcesBuildPhase;
			buildActionMask = 2147483647;
			files = (
			);
			name = "Bundle Resources";
			runOnlyForDeploymentPostprocessing = 0;
		};
/* End PBXResourcesBuildPhase section */

/* Begin PBXShellScriptBuildPhase section */
		A0A52A2ADF7A1E2A99738674 /* Qt Preprocessors */ = {
			isa = PBXShellScriptBuildPhase;
			buildActionMask = 2147483647;
			files = (
			);
			name = "Qt Preprocessors";
			runOnlyForDeploymentPostprocessing = 0;
			shellPath = /bin/sh;
			shellScript = "make -C /Users/Michael/Documents/Yale/Junior/Fall/CPSC426/peerster/Peerster -f 'Peerster.xcodeproj/qt_preprocess.mak'";
		};
		D7BA7D76DAB5DD13389D6332 /* Qt Qmake */ = {
			isa = PBXShellScriptBuildPhase;
			buildActionMask = 2147483647;
			files = (
			);
			name = "Qt Qmake";
			runOnlyForDeploymentPostprocessing = 0;
			shellPath = /bin/sh;
			shellScript = "make -C /Users/Michael/Documents/Yale/Junior/Fall/CPSC426/peerster/Peerster -f 'Peerster.xcodeproj/qt_makeqmake.mak'";
		};
/* End PBXShellScriptBuildPhase section */

/* Begin PBXSourcesBuildPhase section */
		C29B8785722055ED95EF7B57 /* Build Sources */ = {
			isa = PBXSourcesBuildPhase;
			buildActionMask = 2147483647;
			files = (
				745BBB7F397F58ACA0BB35F5 /* Constants.cc in Build Sources */,
				0F92C7DE5A6D0ECD279B47C7 /* main.cc in Build Sources */,
				899BB0EB47C608AC8D49247D /* Messages.cc in Build Sources */,
				D33B1E115874F491151176CF /* Peer.cc in Build Sources */,
				98FA7E9E8B04EA8147C25827 /* Socket.cc in Build Sources */,
				072DEAF199EC832351D00217 /* PeersterFile.cc in Build Sources */,
				DA4D4CE46F4AB231CAF06EC9 /* Chatbox.cc in Build Sources */,
				9CF5E04B47B885A68F04E4E4 /* FilePanel.cc in Build Sources */,
				98F6E50FD27D79713C5C735B /* PrivateChatDialog.cc in Build Sources */,
				C9110DA8E4557A383FA293DF /* PrivateMessagingPanel.cc in Build Sources */,
				96975A09ED96892309CD49A4 /* SearchResultsPanel.cc in Build Sources */,
				80E6030A5A227409AEB461D4 /* BlockReplyMessage.cc in Build Sources */,
				2DF425D22AF0ABFCC22067E3 /* BlockRequestMessage.cc in Build Sources */,
				76356B4B41D599A6B6D1DA8D /* Message.cc in Build Sources */,
				1CFE0C78A64F3E598E833754 /* SearchReplyMessage.cc in Build Sources */,
				522FF07A82AF3B592BA63B2B /* SearchRequestMessage.cc in Build Sources */,
				D8AD7ED0F9946A097F668BBF /* moc_main.cpp in Build Sources */,
				4225BDDC5A035898D15E89AB /* moc_Socket.cpp in Build Sources */,
				50F1A0A6C62C20D272991B90 /* moc_PeersterFile.cpp in Build Sources */,
				83851638952334F2840590B9 /* moc_Chatbox.cpp in Build Sources */,
				B986F2E8D95A535775A0C085 /* moc_FilePanel.cpp in Build Sources */,
				A4ADB60AE2066B582BCCFC98 /* moc_PrivateChatDialog.cpp in Build Sources */,
				02CDC179FAB60254546689BF /* moc_PrivateMessagingPanel.cpp in Build Sources */,
			);
			name = "Build Sources";
			runOnlyForDeploymentPostprocessing = 0;
		};
/* End PBXSourcesBuildPhase section */

/* Begin XCBuildConfiguration section */
		4B72B24813252891014BCF61 /* Debug */ = {
			isa = XCBuildConfiguration;
			buildSettings = {
				COPY_PHASE_STRIP = NO;
				FRAMEWORK_SEARCH_PATHS = (
					/usr/local/Cellar/qt/4.8.5/lib,
					/usr/local/Cellar/qt/4.8.5/lib,
					/usr/local/Cellar/qt/4.8.5/lib,
				);
				GCC_GENERATE_DEBUGGING_SYMBOLS = YES;
				GCC_OPTIMIZATION_LEVEL = 0;
				HEADER_SEARCH_PATHS = (
					/usr/local/Cellar/qt/4.8.5/lib/QtCore.framework/Versions/4/Headers,
					/usr/local/Cellar/qt/4.8.5/lib/QtCore.framework/Versions/4/Headers,
					/usr/local/Cellar/qt/4.8.5/lib/QtNetwork.framework/Versions/4/Headers,
					/usr/local/Cellar/qt/4.8.5/lib/QtNetwork.framework/Versions/4/Headers,
					/usr/local/Cellar/qt/4.8.5/lib/QtGui.framework/Versions/4/Headers,
					/usr/local/Cellar/qt/4.8.5/lib/QtGui.framework/Versions/4/Headers,
					/usr/local/Cellar/qt/4.8.5/include,
					.,
					/usr/local/Cellar/qt/4.8.5/include/QtCrypto,
					.,
					/usr/local/include,
					/System/Library/Frameworks/CarbonCore.framework/Headers,
					"/usr/local/Cellar/qt/4.8.5/mkspecs/macx-xcode",
				);
				INFOPLIST_FILE = Info.plist;
				LIBRARY_SEARCH_PATHS = (
					/usr/local/Cellar/qt/4.8.5/lib,
					/usr/local/Cellar/qt/4.8.5/lib,
					/opt/X11/lib,
				);
				ONLY_ACTIVE_ARCH = YES;
				OTHER_CFLAGS = (
					"-pipe",
					"-O2",
					"-Wall",
					"-W",
					"-DQT_NO_DEBUG",
					"-DQT_GUI_LIB",
					"-DQT_NETWORK_LIB",
					"-DQT_CORE_LIB",
					"-DQT_SHARED",
				);
				OTHER_CPLUSPLUSFLAGS = (
					"-pipe",
					"-O2",
					"-Wall",
					"-W",
					"-DQT_NO_DEBUG",
					"-DQT_GUI_LIB",
					"-DQT_NETWORK_LIB",
					"-DQT_CORE_LIB",
					"-DQT_SHARED",
				);
				OTHER_LDFLAGS = (
					"-headerpad_max_install_names",
					"-L/usr/local/Cellar/qt/4.8.5/lib",
					"-F/usr/local/Cellar/qt/4.8.5/lib",
					"-L/usr/local/Cellar/qt/4.8.5/lib",
					"-L/opt/X11/lib",
					"-F/usr/local/Cellar/qt/4.8.5/lib",
				);
				PRODUCT_NAME = Peerster;
			};
			name = Debug;
		};
		8C7174830A1E4DCBA0332EC1 /* Release */ = {
			isa = XCBuildConfiguration;
			buildSettings = {
				COMBINE_HIDPI_IMAGES = YES;
				COPY_PHASE_STRIP = YES;
				GCC_GENERATE_DEBUGGING_SYMBOLS = NO;
				PRODUCT_NAME = Peerster;
			};
			name = Release;
		};
		BEC09A62E69C3553534FF35E /* Debug */ = {
			isa = XCBuildConfiguration;
			buildSettings = {
				COMBINE_HIDPI_IMAGES = YES;
				COPY_PHASE_STRIP = NO;
				GCC_GENERATE_DEBUGGING_SYMBOLS = YES;
				GCC_OPTIMIZATION_LEVEL = 0;
				PRODUCT_NAME = Peerster;
			};
			name = Debug;
		};
		D70590BEB531B51029F711BB /* Release */ = {
			isa = XCBuildConfiguration;
			buildSettings = {
				COPY_PHASE_STRIP = YES;
				FRAMEWORK_SEARCH_PATHS = (
					/usr/local/Cellar/qt/4.8.5/lib,
					/usr/local/Cellar/qt/4.8.5/lib,
					/usr/local/Cellar/qt/4.8.5/lib,
				);
				GCC_GENERATE_DEBUGGING_SYMBOLS = NO;
				HEADER_SEARCH_PATHS = (
					/usr/local/Cellar/qt/4.8.5/lib/QtCore.framework/Versions/4/Headers,
					/usr/local/Cellar/qt/4.8.5/lib/QtCore.framework/Versions/4/Headers,
					/usr/local/Cellar/qt/4.8.5/lib/QtNetwork.framework/Versions/4/Headers,
					/usr/local/Cellar/qt/4.8.5/lib/QtNetwork.framework/Versions/4/Headers,
					/usr/local/Cellar/qt/4.8.5/lib/QtGui.framework/Versions/4/Headers,
					/usr/local/Cellar/qt/4.8.5/lib/QtGui.framework/Versions/4/Headers,
					/usr/local/Cellar/qt/4.8.5/include,
					.,
					/usr/local/Cellar/qt/4.8.5/include/QtCrypto,
					.,
					/usr/local/include,
					/System/Library/Frameworks/CarbonCore.framework/Headers,
					"/usr/local/Cellar/qt/4.8.5/mkspecs/macx-xcode",
				);
				INFOPLIST_FILE = Info.plist;
				LIBRARY_SEARCH_PATHS = (
					/usr/local/Cellar/qt/4.8.5/lib,
					/usr/local/Cellar/qt/4.8.5/lib,
					/opt/X11/lib,
				);
				OTHER_CFLAGS = (
					"-pipe",
					"-O2",
					"-Wall",
					"-W",
					"-DQT_NO_DEBUG",
					"-DQT_GUI_LIB",
					"-DQT_NETWORK_LIB",
					"-DQT_CORE_LIB",
					"-DQT_SHARED",
				);
				OTHER_CPLUSPLUSFLAGS = (
					"-pipe",
					"-O2",
					"-Wall",
					"-W",
					"-DQT_NO_DEBUG",
					"-DQT_GUI_LIB",
					"-DQT_NETWORK_LIB",
					"-DQT_CORE_LIB",
					"-DQT_SHARED",
				);
				OTHER_LDFLAGS = (
					"-headerpad_max_install_names",
					"-L/usr/local/Cellar/qt/4.8.5/lib",
					"-F/usr/local/Cellar/qt/4.8.5/lib",
					"-L/usr/local/Cellar/qt/4.8.5/lib",
					"-L/opt/X11/lib",
					"-F/usr/local/Cellar/qt/4.8.5/lib",
				);
				PRODUCT_NAME = Peerster;
			};
			name = Release;
		};
/* End XCBuildConfiguration section */

/* Begin XCConfigurationList section */
		17B3380A4D6A7D415E7F2E1E /* Build configuration list for PBXNativeTarget "Peerster" */ = {
			isa = XCConfigurationList;
			buildConfigurations = (
				BEC09A62E69C3553534FF35E /* Debug */,
				8C7174830A1E4DCBA0332EC1 /* Release */,
			);
			defaultConfigurationIsVisible = 0;
			defaultConfigurationName = Release;
		};
		CC82A9286117DFED018F418F /* Build configuration list for PBXProject "Peerster" */ = {
			isa = XCConfigurationList;
			buildConfigurations = (
				4B72B24813252891014BCF61 /* Debug */,
				D70590BEB531B51029F711BB /* Release */,
			);
			defaultConfigurationIsVisible = 0;
			defaultConfigurationName = Release;
		};
/* End XCConfigurationList section */
	};
	rootObject = 91B15E841AA80083484172DE /* Project object */;
}
